// !$*UTF8*$!
{
	archiveVersion = 1;
	classes = {
	};
	objectVersion = 46;
	objects = {

/* Begin PBXBuildFile section */
		0BE385E7197E4AA2002D27B4 /* OAuthiOS.framework in Frameworks */ = {isa = PBXBuildFile; fileRef = 7CBD2C8D197E4754002F23A5 /* OAuthiOS.framework */; };
		7C79580D198729D1008FB679 /* DashTableViewController.m in Sources */ = {isa = PBXBuildFile; fileRef = 7C79580C198729D1008FB679 /* DashTableViewController.m */; };
		7CBD2C1A197E4510002F23A5 /* Foundation.framework in Frameworks */ = {isa = PBXBuildFile; fileRef = 7CBD2C19197E4510002F23A5 /* Foundation.framework */; };
		7CBD2C1C197E4510002F23A5 /* CoreGraphics.framework in Frameworks */ = {isa = PBXBuildFile; fileRef = 7CBD2C1B197E4510002F23A5 /* CoreGraphics.framework */; };
		7CBD2C1E197E4510002F23A5 /* UIKit.framework in Frameworks */ = {isa = PBXBuildFile; fileRef = 7CBD2C1D197E4510002F23A5 /* UIKit.framework */; };
		7CBD2C24197E4510002F23A5 /* InfoPlist.strings in Resources */ = {isa = PBXBuildFile; fileRef = 7CBD2C22197E4510002F23A5 /* InfoPlist.strings */; };
		7CBD2C26197E4510002F23A5 /* main.m in Sources */ = {isa = PBXBuildFile; fileRef = 7CBD2C25197E4510002F23A5 /* main.m */; };
		7CBD2C2A197E4510002F23A5 /* AppDelegate.m in Sources */ = {isa = PBXBuildFile; fileRef = 7CBD2C29197E4510002F23A5 /* AppDelegate.m */; };
		7CBD2C30197E4510002F23A5 /* ViewController.m in Sources */ = {isa = PBXBuildFile; fileRef = 7CBD2C2F197E4510002F23A5 /* ViewController.m */; };
		7CBD2C32197E4510002F23A5 /* Images.xcassets in Resources */ = {isa = PBXBuildFile; fileRef = 7CBD2C31197E4510002F23A5 /* Images.xcassets */; };
		7CBD2C39197E4510002F23A5 /* XCTest.framework in Frameworks */ = {isa = PBXBuildFile; fileRef = 7CBD2C38197E4510002F23A5 /* XCTest.framework */; };
		7CBD2C3A197E4510002F23A5 /* Foundation.framework in Frameworks */ = {isa = PBXBuildFile; fileRef = 7CBD2C19197E4510002F23A5 /* Foundation.framework */; };
		7CBD2C3B197E4510002F23A5 /* UIKit.framework in Frameworks */ = {isa = PBXBuildFile; fileRef = 7CBD2C1D197E4510002F23A5 /* UIKit.framework */; };
		7CBD2C43197E4510002F23A5 /* InfoPlist.strings in Resources */ = {isa = PBXBuildFile; fileRef = 7CBD2C41197E4510002F23A5 /* InfoPlist.strings */; };
		7CBD2C45197E4510002F23A5 /* samsungHealthTests.m in Sources */ = {isa = PBXBuildFile; fileRef = 7CBD2C44197E4510002F23A5 /* samsungHealthTests.m */; };
		7CBD2C4F197E4538002F23A5 /* Main.storyboard in Resources */ = {isa = PBXBuildFile; fileRef = 7CBD2C4E197E4538002F23A5 /* Main.storyboard */; };
		7CBD2C58197E4642002F23A5 /* UIViewController+REFrostedViewController.m in Sources */ = {isa = PBXBuildFile; fileRef = 7CBD2C50197E4642002F23A5 /* UIViewController+REFrostedViewController.m */; };
		7CBD2C59197E4642002F23A5 /* UIView+REFrostedViewController.m in Sources */ = {isa = PBXBuildFile; fileRef = 7CBD2C52197E4642002F23A5 /* UIView+REFrostedViewController.m */; };
		7CBD2C5A197E4642002F23A5 /* UIImage+REFrostedViewController.m in Sources */ = {isa = PBXBuildFile; fileRef = 7CBD2C54197E4642002F23A5 /* UIImage+REFrostedViewController.m */; };
		7CBD2C5B197E4642002F23A5 /* TargetViewController.m in Sources */ = {isa = PBXBuildFile; fileRef = 7CBD2C56197E4642002F23A5 /* TargetViewController.m */; };
		7CBD2C6C197E4651002F23A5 /* RootViewController.m in Sources */ = {isa = PBXBuildFile; fileRef = 7CBD2C5C197E4651002F23A5 /* RootViewController.m */; };
		7CBD2C6D197E4651002F23A5 /* RewardViewController.m in Sources */ = {isa = PBXBuildFile; fileRef = 7CBD2C5E197E4651002F23A5 /* RewardViewController.m */; };
		7CBD2C6E197E4651002F23A5 /* REFrostedViewController.m in Sources */ = {isa = PBXBuildFile; fileRef = 7CBD2C60197E4651002F23A5 /* REFrostedViewController.m */; };
		7CBD2C6F197E4651002F23A5 /* REFrostedContainerViewController.m in Sources */ = {isa = PBXBuildFile; fileRef = 7CBD2C62197E4651002F23A5 /* REFrostedContainerViewController.m */; };
		7CBD2C70197E4651002F23A5 /* RECommonFunctions.m in Sources */ = {isa = PBXBuildFile; fileRef = 7CBD2C64197E4651002F23A5 /* RECommonFunctions.m */; };
		7CBD2C71197E4651002F23A5 /* ProfileViewController.m in Sources */ = {isa = PBXBuildFile; fileRef = 7CBD2C66197E4651002F23A5 /* ProfileViewController.m */; };
		7CBD2C72197E4651002F23A5 /* NavigationController.m in Sources */ = {isa = PBXBuildFile; fileRef = 7CBD2C68197E4651002F23A5 /* NavigationController.m */; };
		7CBD2C73197E4651002F23A5 /* MenuViewController.m in Sources */ = {isa = PBXBuildFile; fileRef = 7CBD2C6A197E4651002F23A5 /* MenuViewController.m */; };
		7CBD2C79197E4671002F23A5 /* FitbitViewController.m in Sources */ = {isa = PBXBuildFile; fileRef = 7CBD2C77197E4671002F23A5 /* FitbitViewController.m */; };
		7CBD2C85197E467D002F23A5 /* DeviceViewController.m in Sources */ = {isa = PBXBuildFile; fileRef = 7CBD2C7A197E467D002F23A5 /* DeviceViewController.m */; };
		7CBD2C86197E467D002F23A5 /* DashBoardViewController.m in Sources */ = {isa = PBXBuildFile; fileRef = 7CBD2C7C197E467D002F23A5 /* DashBoardViewController.m */; };
		7CBD2C87197E467D002F23A5 /* ConnectViewController.m in Sources */ = {isa = PBXBuildFile; fileRef = 7CBD2C7E197E467D002F23A5 /* ConnectViewController.m */; };
		7CBD2C89197E467D002F23A5 /* avatar@2x.jpg in Resources */ = {isa = PBXBuildFile; fileRef = 7CBD2C82197E467D002F23A5 /* avatar@2x.jpg */; };
		7CBD2C8A197E467D002F23A5 /* AppsDevicesViewController.m in Sources */ = {isa = PBXBuildFile; fileRef = 7CBD2C83197E467D002F23A5 /* AppsDevicesViewController.m */; };
		7CBD2C8C197E46AF002F23A5 /* Parse.framework in Frameworks */ = {isa = PBXBuildFile; fileRef = 7CBD2C8B197E46AF002F23A5 /* Parse.framework */; };
		7CBD2C90197E47C5002F23A5 /* AudioToolbox.framework in Frameworks */ = {isa = PBXBuildFile; fileRef = 7CBD2C8F197E47C5002F23A5 /* AudioToolbox.framework */; };
		7CBD2C92197E47CF002F23A5 /* CFNetwork.framework in Frameworks */ = {isa = PBXBuildFile; fileRef = 7CBD2C91197E47CF002F23A5 /* CFNetwork.framework */; };
		7CBD2C94197E47D9002F23A5 /* CoreLocation.framework in Frameworks */ = {isa = PBXBuildFile; fileRef = 7CBD2C93197E47D9002F23A5 /* CoreLocation.framework */; };
		7CBD2C96197E47FE002F23A5 /* libz.dylib in Frameworks */ = {isa = PBXBuildFile; fileRef = 7CBD2C95197E47FE002F23A5 /* libz.dylib */; };
		7CBD2C98197E4804002F23A5 /* MobileCoreServices.framework in Frameworks */ = {isa = PBXBuildFile; fileRef = 7CBD2C97197E4804002F23A5 /* MobileCoreServices.framework */; };
		7CBD2C9A197E480B002F23A5 /* QuartzCore.framework in Frameworks */ = {isa = PBXBuildFile; fileRef = 7CBD2C99197E480B002F23A5 /* QuartzCore.framework */; };
		7CBD2C9C197E4813002F23A5 /* Security.framework in Frameworks */ = {isa = PBXBuildFile; fileRef = 7CBD2C9B197E4813002F23A5 /* Security.framework */; };
		7CBD2C9E197E481F002F23A5 /* StoreKit.framework in Frameworks */ = {isa = PBXBuildFile; fileRef = 7CBD2C9D197E481F002F23A5 /* StoreKit.framework */; };
		7CBD2CA0197E482C002F23A5 /* SystemConfiguration.framework in Frameworks */ = {isa = PBXBuildFile; fileRef = 7CBD2C9F197E482C002F23A5 /* SystemConfiguration.framework */; };
		7CBD2CA4197EF612002F23A5 /* DACircularProgressView.m in Sources */ = {isa = PBXBuildFile; fileRef = 7CBD2CA3197EF612002F23A5 /* DACircularProgressView.m */; };
		BBC1B2CE198721E600DDEC78 /* FriendListController.m in Sources */ = {isa = PBXBuildFile; fileRef = BBC1B2CD198721E600DDEC78 /* FriendListController.m */; };
/* End PBXBuildFile section */

/* Begin PBXContainerItemProxy section */
		7CBD2C3C197E4510002F23A5 /* PBXContainerItemProxy */ = {
			isa = PBXContainerItemProxy;
			containerPortal = 7CBD2C0E197E4510002F23A5 /* Project object */;
			proxyType = 1;
			remoteGlobalIDString = 7CBD2C15197E4510002F23A5;
			remoteInfo = samsungHealth;
		};
/* End PBXContainerItemProxy section */

/* Begin PBXFileReference section */
		7C79580B198729D1008FB679 /* DashTableViewController.h */ = {isa = PBXFileReference; fileEncoding = 4; lastKnownFileType = sourcecode.c.h; path = DashTableViewController.h; sourceTree = "<group>"; };
		7C79580C198729D1008FB679 /* DashTableViewController.m */ = {isa = PBXFileReference; fileEncoding = 4; lastKnownFileType = sourcecode.c.objc; path = DashTableViewController.m; sourceTree = "<group>"; };
		7CBD2C16197E4510002F23A5 /* samsungHealth.app */ = {isa = PBXFileReference; explicitFileType = wrapper.application; includeInIndex = 0; path = samsungHealth.app; sourceTree = BUILT_PRODUCTS_DIR; };
		7CBD2C19197E4510002F23A5 /* Foundation.framework */ = {isa = PBXFileReference; lastKnownFileType = wrapper.framework; name = Foundation.framework; path = System/Library/Frameworks/Foundation.framework; sourceTree = SDKROOT; };
		7CBD2C1B197E4510002F23A5 /* CoreGraphics.framework */ = {isa = PBXFileReference; lastKnownFileType = wrapper.framework; name = CoreGraphics.framework; path = System/Library/Frameworks/CoreGraphics.framework; sourceTree = SDKROOT; };
		7CBD2C1D197E4510002F23A5 /* UIKit.framework */ = {isa = PBXFileReference; lastKnownFileType = wrapper.framework; name = UIKit.framework; path = System/Library/Frameworks/UIKit.framework; sourceTree = SDKROOT; };
		7CBD2C21197E4510002F23A5 /* samsungHealth-Info.plist */ = {isa = PBXFileReference; lastKnownFileType = text.plist.xml; path = "samsungHealth-Info.plist"; sourceTree = "<group>"; };
		7CBD2C23197E4510002F23A5 /* en */ = {isa = PBXFileReference; lastKnownFileType = text.plist.strings; name = en; path = en.lproj/InfoPlist.strings; sourceTree = "<group>"; };
		7CBD2C25197E4510002F23A5 /* main.m */ = {isa = PBXFileReference; lastKnownFileType = sourcecode.c.objc; path = main.m; sourceTree = "<group>"; };
		7CBD2C27197E4510002F23A5 /* samsungHealth-Prefix.pch */ = {isa = PBXFileReference; lastKnownFileType = sourcecode.c.h; path = "samsungHealth-Prefix.pch"; sourceTree = "<group>"; };
		7CBD2C28197E4510002F23A5 /* AppDelegate.h */ = {isa = PBXFileReference; lastKnownFileType = sourcecode.c.h; path = AppDelegate.h; sourceTree = "<group>"; };
		7CBD2C29197E4510002F23A5 /* AppDelegate.m */ = {isa = PBXFileReference; lastKnownFileType = sourcecode.c.objc; path = AppDelegate.m; sourceTree = "<group>"; };
		7CBD2C2E197E4510002F23A5 /* ViewController.h */ = {isa = PBXFileReference; lastKnownFileType = sourcecode.c.h; path = ViewController.h; sourceTree = "<group>"; };
		7CBD2C2F197E4510002F23A5 /* ViewController.m */ = {isa = PBXFileReference; lastKnownFileType = sourcecode.c.objc; path = ViewController.m; sourceTree = "<group>"; };
		7CBD2C31197E4510002F23A5 /* Images.xcassets */ = {isa = PBXFileReference; lastKnownFileType = folder.assetcatalog; path = Images.xcassets; sourceTree = "<group>"; };
		7CBD2C37197E4510002F23A5 /* samsungHealthTests.xctest */ = {isa = PBXFileReference; explicitFileType = wrapper.cfbundle; includeInIndex = 0; path = samsungHealthTests.xctest; sourceTree = BUILT_PRODUCTS_DIR; };
		7CBD2C38197E4510002F23A5 /* XCTest.framework */ = {isa = PBXFileReference; lastKnownFileType = wrapper.framework; name = XCTest.framework; path = Library/Frameworks/XCTest.framework; sourceTree = DEVELOPER_DIR; };
		7CBD2C40197E4510002F23A5 /* samsungHealthTests-Info.plist */ = {isa = PBXFileReference; lastKnownFileType = text.plist.xml; path = "samsungHealthTests-Info.plist"; sourceTree = "<group>"; };
		7CBD2C42197E4510002F23A5 /* en */ = {isa = PBXFileReference; lastKnownFileType = text.plist.strings; name = en; path = en.lproj/InfoPlist.strings; sourceTree = "<group>"; };
		7CBD2C44197E4510002F23A5 /* samsungHealthTests.m */ = {isa = PBXFileReference; lastKnownFileType = sourcecode.c.objc; path = samsungHealthTests.m; sourceTree = "<group>"; };
		7CBD2C4E197E4538002F23A5 /* Main.storyboard */ = {isa = PBXFileReference; fileEncoding = 4; lastKnownFileType = file.storyboard; path = Main.storyboard; sourceTree = "<group>"; };
		7CBD2C50197E4642002F23A5 /* UIViewController+REFrostedViewController.m */ = {isa = PBXFileReference; fileEncoding = 4; lastKnownFileType = sourcecode.c.objc; path = "UIViewController+REFrostedViewController.m"; sourceTree = "<group>"; };
		7CBD2C51197E4642002F23A5 /* UIViewController+REFrostedViewController.h */ = {isa = PBXFileReference; fileEncoding = 4; lastKnownFileType = sourcecode.c.h; path = "UIViewController+REFrostedViewController.h"; sourceTree = "<group>"; };
		7CBD2C52197E4642002F23A5 /* UIView+REFrostedViewController.m */ = {isa = PBXFileReference; fileEncoding = 4; lastKnownFileType = sourcecode.c.objc; path = "UIView+REFrostedViewController.m"; sourceTree = "<group>"; };
		7CBD2C53197E4642002F23A5 /* UIView+REFrostedViewController.h */ = {isa = PBXFileReference; fileEncoding = 4; lastKnownFileType = sourcecode.c.h; path = "UIView+REFrostedViewController.h"; sourceTree = "<group>"; };
		7CBD2C54197E4642002F23A5 /* UIImage+REFrostedViewController.m */ = {isa = PBXFileReference; fileEncoding = 4; lastKnownFileType = sourcecode.c.objc; path = "UIImage+REFrostedViewController.m"; sourceTree = "<group>"; };
		7CBD2C55197E4642002F23A5 /* UIImage+REFrostedViewController.h */ = {isa = PBXFileReference; fileEncoding = 4; lastKnownFileType = sourcecode.c.h; path = "UIImage+REFrostedViewController.h"; sourceTree = "<group>"; };
		7CBD2C56197E4642002F23A5 /* TargetViewController.m */ = {isa = PBXFileReference; fileEncoding = 4; lastKnownFileType = sourcecode.c.objc; path = TargetViewController.m; sourceTree = "<group>"; };
		7CBD2C57197E4642002F23A5 /* TargetViewController.h */ = {isa = PBXFileReference; fileEncoding = 4; lastKnownFileType = sourcecode.c.h; path = TargetViewController.h; sourceTree = "<group>"; };
		7CBD2C5C197E4651002F23A5 /* RootViewController.m */ = {isa = PBXFileReference; fileEncoding = 4; lastKnownFileType = sourcecode.c.objc; path = RootViewController.m; sourceTree = "<group>"; };
		7CBD2C5D197E4651002F23A5 /* RootViewController.h */ = {isa = PBXFileReference; fileEncoding = 4; lastKnownFileType = sourcecode.c.h; path = RootViewController.h; sourceTree = "<group>"; };
		7CBD2C5E197E4651002F23A5 /* RewardViewController.m */ = {isa = PBXFileReference; fileEncoding = 4; lastKnownFileType = sourcecode.c.objc; path = RewardViewController.m; sourceTree = "<group>"; };
		7CBD2C5F197E4651002F23A5 /* RewardViewController.h */ = {isa = PBXFileReference; fileEncoding = 4; lastKnownFileType = sourcecode.c.h; path = RewardViewController.h; sourceTree = "<group>"; };
		7CBD2C60197E4651002F23A5 /* REFrostedViewController.m */ = {isa = PBXFileReference; fileEncoding = 4; lastKnownFileType = sourcecode.c.objc; path = REFrostedViewController.m; sourceTree = "<group>"; };
		7CBD2C61197E4651002F23A5 /* REFrostedViewController.h */ = {isa = PBXFileReference; fileEncoding = 4; lastKnownFileType = sourcecode.c.h; path = REFrostedViewController.h; sourceTree = "<group>"; };
		7CBD2C62197E4651002F23A5 /* REFrostedContainerViewController.m */ = {isa = PBXFileReference; fileEncoding = 4; lastKnownFileType = sourcecode.c.objc; path = REFrostedContainerViewController.m; sourceTree = "<group>"; };
		7CBD2C63197E4651002F23A5 /* REFrostedContainerViewController.h */ = {isa = PBXFileReference; fileEncoding = 4; lastKnownFileType = sourcecode.c.h; path = REFrostedContainerViewController.h; sourceTree = "<group>"; };
		7CBD2C64197E4651002F23A5 /* RECommonFunctions.m */ = {isa = PBXFileReference; fileEncoding = 4; lastKnownFileType = sourcecode.c.objc; path = RECommonFunctions.m; sourceTree = "<group>"; };
		7CBD2C65197E4651002F23A5 /* RECommonFunctions.h */ = {isa = PBXFileReference; fileEncoding = 4; lastKnownFileType = sourcecode.c.h; path = RECommonFunctions.h; sourceTree = "<group>"; };
		7CBD2C66197E4651002F23A5 /* ProfileViewController.m */ = {isa = PBXFileReference; fileEncoding = 4; lastKnownFileType = sourcecode.c.objc; path = ProfileViewController.m; sourceTree = "<group>"; };
		7CBD2C67197E4651002F23A5 /* ProfileViewController.h */ = {isa = PBXFileReference; fileEncoding = 4; lastKnownFileType = sourcecode.c.h; path = ProfileViewController.h; sourceTree = "<group>"; };
		7CBD2C68197E4651002F23A5 /* NavigationController.m */ = {isa = PBXFileReference; fileEncoding = 4; lastKnownFileType = sourcecode.c.objc; path = NavigationController.m; sourceTree = "<group>"; };
		7CBD2C69197E4651002F23A5 /* NavigationController.h */ = {isa = PBXFileReference; fileEncoding = 4; lastKnownFileType = sourcecode.c.h; path = NavigationController.h; sourceTree = "<group>"; };
		7CBD2C6A197E4651002F23A5 /* MenuViewController.m */ = {isa = PBXFileReference; fileEncoding = 4; lastKnownFileType = sourcecode.c.objc; path = MenuViewController.m; sourceTree = "<group>"; };
		7CBD2C6B197E4651002F23A5 /* MenuViewController.h */ = {isa = PBXFileReference; fileEncoding = 4; lastKnownFileType = sourcecode.c.h; path = MenuViewController.h; sourceTree = "<group>"; };
		7CBD2C77197E4671002F23A5 /* FitbitViewController.m */ = {isa = PBXFileReference; fileEncoding = 4; lastKnownFileType = sourcecode.c.objc; path = FitbitViewController.m; sourceTree = "<group>"; };
		7CBD2C78197E4671002F23A5 /* FitbitViewController.h */ = {isa = PBXFileReference; fileEncoding = 4; lastKnownFileType = sourcecode.c.h; path = FitbitViewController.h; sourceTree = "<group>"; };
		7CBD2C7A197E467D002F23A5 /* DeviceViewController.m */ = {isa = PBXFileReference; fileEncoding = 4; lastKnownFileType = sourcecode.c.objc; path = DeviceViewController.m; sourceTree = "<group>"; };
		7CBD2C7B197E467D002F23A5 /* DeviceViewController.h */ = {isa = PBXFileReference; fileEncoding = 4; lastKnownFileType = sourcecode.c.h; path = DeviceViewController.h; sourceTree = "<group>"; };
		7CBD2C7C197E467D002F23A5 /* DashBoardViewController.m */ = {isa = PBXFileReference; fileEncoding = 4; lastKnownFileType = sourcecode.c.objc; path = DashBoardViewController.m; sourceTree = "<group>"; };
		7CBD2C7D197E467D002F23A5 /* DashBoardViewController.h */ = {isa = PBXFileReference; fileEncoding = 4; lastKnownFileType = sourcecode.c.h; path = DashBoardViewController.h; sourceTree = "<group>"; };
		7CBD2C7E197E467D002F23A5 /* ConnectViewController.m */ = {isa = PBXFileReference; fileEncoding = 4; lastKnownFileType = sourcecode.c.objc; path = ConnectViewController.m; sourceTree = "<group>"; };
		7CBD2C7F197E467D002F23A5 /* ConnectViewController.h */ = {isa = PBXFileReference; fileEncoding = 4; lastKnownFileType = sourcecode.c.h; path = ConnectViewController.h; sourceTree = "<group>"; };
		7CBD2C82197E467D002F23A5 /* avatar@2x.jpg */ = {isa = PBXFileReference; lastKnownFileType = image.jpeg; path = "avatar@2x.jpg"; sourceTree = "<group>"; };
		7CBD2C83197E467D002F23A5 /* AppsDevicesViewController.m */ = {isa = PBXFileReference; fileEncoding = 4; lastKnownFileType = sourcecode.c.objc; path = AppsDevicesViewController.m; sourceTree = "<group>"; };
		7CBD2C84197E467D002F23A5 /* AppsDevicesViewController.h */ = {isa = PBXFileReference; fileEncoding = 4; lastKnownFileType = sourcecode.c.h; path = AppsDevicesViewController.h; sourceTree = "<group>"; };
		7CBD2C8B197E46AF002F23A5 /* Parse.framework */ = {isa = PBXFileReference; lastKnownFileType = wrapper.framework; path = Parse.framework; sourceTree = "<group>"; };
		7CBD2C8D197E4754002F23A5 /* OAuthiOS.framework */ = {isa = PBXFileReference; lastKnownFileType = wrapper.framework; path = OAuthiOS.framework; sourceTree = "<group>"; };
		7CBD2C8F197E47C5002F23A5 /* AudioToolbox.framework */ = {isa = PBXFileReference; lastKnownFileType = wrapper.framework; name = AudioToolbox.framework; path = System/Library/Frameworks/AudioToolbox.framework; sourceTree = SDKROOT; };
		7CBD2C91197E47CF002F23A5 /* CFNetwork.framework */ = {isa = PBXFileReference; lastKnownFileType = wrapper.framework; name = CFNetwork.framework; path = System/Library/Frameworks/CFNetwork.framework; sourceTree = SDKROOT; };
		7CBD2C93197E47D9002F23A5 /* CoreLocation.framework */ = {isa = PBXFileReference; lastKnownFileType = wrapper.framework; name = CoreLocation.framework; path = System/Library/Frameworks/CoreLocation.framework; sourceTree = SDKROOT; };
		7CBD2C95197E47FE002F23A5 /* libz.dylib */ = {isa = PBXFileReference; lastKnownFileType = "compiled.mach-o.dylib"; name = libz.dylib; path = usr/lib/libz.dylib; sourceTree = SDKROOT; };
		7CBD2C97197E4804002F23A5 /* MobileCoreServices.framework */ = {isa = PBXFileReference; lastKnownFileType = wrapper.framework; name = MobileCoreServices.framework; path = System/Library/Frameworks/MobileCoreServices.framework; sourceTree = SDKROOT; };
		7CBD2C99197E480B002F23A5 /* QuartzCore.framework */ = {isa = PBXFileReference; lastKnownFileType = wrapper.framework; name = QuartzCore.framework; path = System/Library/Frameworks/QuartzCore.framework; sourceTree = SDKROOT; };
		7CBD2C9B197E4813002F23A5 /* Security.framework */ = {isa = PBXFileReference; lastKnownFileType = wrapper.framework; name = Security.framework; path = System/Library/Frameworks/Security.framework; sourceTree = SDKROOT; };
		7CBD2C9D197E481F002F23A5 /* StoreKit.framework */ = {isa = PBXFileReference; lastKnownFileType = wrapper.framework; name = StoreKit.framework; path = System/Library/Frameworks/StoreKit.framework; sourceTree = SDKROOT; };
		7CBD2C9F197E482C002F23A5 /* SystemConfiguration.framework */ = {isa = PBXFileReference; lastKnownFileType = wrapper.framework; name = SystemConfiguration.framework; path = System/Library/Frameworks/SystemConfiguration.framework; sourceTree = SDKROOT; };
		7CBD2CA2197EF612002F23A5 /* DACircularProgressView.h */ = {isa = PBXFileReference; fileEncoding = 4; lastKnownFileType = sourcecode.c.h; path = DACircularProgressView.h; sourceTree = "<group>"; };
		7CBD2CA3197EF612002F23A5 /* DACircularProgressView.m */ = {isa = PBXFileReference; fileEncoding = 4; lastKnownFileType = sourcecode.c.objc; path = DACircularProgressView.m; sourceTree = "<group>"; };
		BBC1B2CC198721E600DDEC78 /* FriendListController.h */ = {isa = PBXFileReference; fileEncoding = 4; lastKnownFileType = sourcecode.c.h; path = FriendListController.h; sourceTree = "<group>"; };
		BBC1B2CD198721E600DDEC78 /* FriendListController.m */ = {isa = PBXFileReference; fileEncoding = 4; lastKnownFileType = sourcecode.c.objc; path = FriendListController.m; sourceTree = "<group>"; };
/* End PBXFileReference section */

/* Begin PBXFrameworksBuildPhase section */
		7CBD2C13197E4510002F23A5 /* Frameworks */ = {
			isa = PBXFrameworksBuildPhase;
			buildActionMask = 2147483647;
			files = (
				0BE385E7197E4AA2002D27B4 /* OAuthiOS.framework in Frameworks */,
				7CBD2CA0197E482C002F23A5 /* SystemConfiguration.framework in Frameworks */,
				7CBD2C9E197E481F002F23A5 /* StoreKit.framework in Frameworks */,
				7CBD2C9C197E4813002F23A5 /* Security.framework in Frameworks */,
				7CBD2C9A197E480B002F23A5 /* QuartzCore.framework in Frameworks */,
				7CBD2C98197E4804002F23A5 /* MobileCoreServices.framework in Frameworks */,
				7CBD2C96197E47FE002F23A5 /* libz.dylib in Frameworks */,
				7CBD2C94197E47D9002F23A5 /* CoreLocation.framework in Frameworks */,
				7CBD2C92197E47CF002F23A5 /* CFNetwork.framework in Frameworks */,
				7CBD2C90197E47C5002F23A5 /* AudioToolbox.framework in Frameworks */,
				7CBD2C1C197E4510002F23A5 /* CoreGraphics.framework in Frameworks */,
				7CBD2C1E197E4510002F23A5 /* UIKit.framework in Frameworks */,
				7CBD2C8C197E46AF002F23A5 /* Parse.framework in Frameworks */,
				7CBD2C1A197E4510002F23A5 /* Foundation.framework in Frameworks */,
			);
			runOnlyForDeploymentPostprocessing = 0;
		};
		7CBD2C34197E4510002F23A5 /* Frameworks */ = {
			isa = PBXFrameworksBuildPhase;
			buildActionMask = 2147483647;
			files = (
				7CBD2C39197E4510002F23A5 /* XCTest.framework in Frameworks */,
				7CBD2C3B197E4510002F23A5 /* UIKit.framework in Frameworks */,
				7CBD2C3A197E4510002F23A5 /* Foundation.framework in Frameworks */,
			);
			runOnlyForDeploymentPostprocessing = 0;
		};
/* End PBXFrameworksBuildPhase section */

/* Begin PBXGroup section */
		7C79580419871C5D008FB679 /* RFViewController */ = {
			isa = PBXGroup;
			children = (
				7CBD2C50197E4642002F23A5 /* UIViewController+REFrostedViewController.m */,
				7CBD2C51197E4642002F23A5 /* UIViewController+REFrostedViewController.h */,
				7CBD2C52197E4642002F23A5 /* UIView+REFrostedViewController.m */,
				7CBD2C53197E4642002F23A5 /* UIView+REFrostedViewController.h */,
				7CBD2C54197E4642002F23A5 /* UIImage+REFrostedViewController.m */,
				7CBD2C55197E4642002F23A5 /* UIImage+REFrostedViewController.h */,
				7CBD2C60197E4651002F23A5 /* REFrostedViewController.m */,
				7CBD2C61197E4651002F23A5 /* REFrostedViewController.h */,
				7CBD2C62197E4651002F23A5 /* REFrostedContainerViewController.m */,
				7CBD2C63197E4651002F23A5 /* REFrostedContainerViewController.h */,
				7CBD2C64197E4651002F23A5 /* RECommonFunctions.m */,
				7CBD2C65197E4651002F23A5 /* RECommonFunctions.h */,
			);
			name = RFViewController;
			sourceTree = "<group>";
		};
		7C79580519872552008FB679 /* DashBoard */ = {
			isa = PBXGroup;
			children = (
				7CBD2C7C197E467D002F23A5 /* DashBoardViewController.m */,
				7CBD2C7D197E467D002F23A5 /* DashBoardViewController.h */,
				7C79580B198729D1008FB679 /* DashTableViewController.h */,
				7C79580C198729D1008FB679 /* DashTableViewController.m */,
			);
			name = DashBoard;
			sourceTree = "<group>";
		};
		7C79580719872581008FB679 /* Goal */ = {
			isa = PBXGroup;
			children = (
				7CBD2C56197E4642002F23A5 /* TargetViewController.m */,
				7CBD2C57197E4642002F23A5 /* TargetViewController.h */,
			);
			name = Goal;
			sourceTree = "<group>";
		};
		7C79580819872593008FB679 /* Profile */ = {
			isa = PBXGroup;
			children = (
				7CBD2C66197E4651002F23A5 /* ProfileViewController.m */,
				7CBD2C67197E4651002F23A5 /* ProfileViewController.h */,
			);
			name = Profile;
			sourceTree = "<group>";
		};
		7C795809198725C7008FB679 /* ManageDevice */ = {
			isa = PBXGroup;
			children = (
				7CBD2C83197E467D002F23A5 /* AppsDevicesViewController.m */,
				7CBD2C84197E467D002F23A5 /* AppsDevicesViewController.h */,
				7CBD2C7A197E467D002F23A5 /* DeviceViewController.m */,
				7CBD2C77197E4671002F23A5 /* FitbitViewController.m */,
				7CBD2C78197E4671002F23A5 /* FitbitViewController.h */,
				7CBD2C7B197E467D002F23A5 /* DeviceViewController.h */,
			);
			name = ManageDevice;
			sourceTree = "<group>";
		};
		7C79580A198725E3008FB679 /* Reward */ = {
			isa = PBXGroup;
			children = (
				7CBD2C5E197E4651002F23A5 /* RewardViewController.m */,
				7CBD2C5F197E4651002F23A5 /* RewardViewController.h */,
			);
			name = Reward;
			sourceTree = "<group>";
		};
		7CBD2C0D197E4510002F23A5 = {
			isa = PBXGroup;
			children = (
				7CBD2C1F197E4510002F23A5 /* samsungHealth */,
				7CBD2C3E197E4510002F23A5 /* samsungHealthTests */,
				7CBD2C18197E4510002F23A5 /* Frameworks */,
				7CBD2C17197E4510002F23A5 /* Products */,
			);
			sourceTree = "<group>";
		};
		7CBD2C17197E4510002F23A5 /* Products */ = {
			isa = PBXGroup;
			children = (
				7CBD2C16197E4510002F23A5 /* samsungHealth.app */,
				7CBD2C37197E4510002F23A5 /* samsungHealthTests.xctest */,
			);
			name = Products;
			sourceTree = "<group>";
		};
		7CBD2C18197E4510002F23A5 /* Frameworks */ = {
			isa = PBXGroup;
			children = (
				7CBD2C9F197E482C002F23A5 /* SystemConfiguration.framework */,
				7CBD2C9D197E481F002F23A5 /* StoreKit.framework */,
				7CBD2C9B197E4813002F23A5 /* Security.framework */,
				7CBD2C99197E480B002F23A5 /* QuartzCore.framework */,
				7CBD2C97197E4804002F23A5 /* MobileCoreServices.framework */,
				7CBD2C95197E47FE002F23A5 /* libz.dylib */,
				7CBD2C93197E47D9002F23A5 /* CoreLocation.framework */,
				7CBD2C91197E47CF002F23A5 /* CFNetwork.framework */,
				7CBD2C8F197E47C5002F23A5 /* AudioToolbox.framework */,
				7CBD2C8D197E4754002F23A5 /* OAuthiOS.framework */,
				7CBD2C8B197E46AF002F23A5 /* Parse.framework */,
				7CBD2C19197E4510002F23A5 /* Foundation.framework */,
				7CBD2C1B197E4510002F23A5 /* CoreGraphics.framework */,
				7CBD2C1D197E4510002F23A5 /* UIKit.framework */,
				7CBD2C38197E4510002F23A5 /* XCTest.framework */,
			);
			name = Frameworks;
			sourceTree = "<group>";
		};
		7CBD2C1F197E4510002F23A5 /* samsungHealth */ = {
			isa = PBXGroup;
			children = (
				7C79580A198725E3008FB679 /* Reward */,
				7C795809198725C7008FB679 /* ManageDevice */,
				7C79580819872593008FB679 /* Profile */,
				7C79580719872581008FB679 /* Goal */,
				7C79580519872552008FB679 /* DashBoard */,
				BBC1B2CF1987228800DDEC78 /* Connect */,
				7C79580419871C5D008FB679 /* RFViewController */,
				7CBD2CA1197EF600002F23A5 /* CircularController */,
				7CBD2C82197E467D002F23A5 /* avatar@2x.jpg */,
				7CBD2C5C197E4651002F23A5 /* RootViewController.m */,
				7CBD2C5D197E4651002F23A5 /* RootViewController.h */,
				7CBD2C68197E4651002F23A5 /* NavigationController.m */,
				7CBD2C69197E4651002F23A5 /* NavigationController.h */,
				7CBD2C6A197E4651002F23A5 /* MenuViewController.m */,
				7CBD2C6B197E4651002F23A5 /* MenuViewController.h */,
				7CBD2C28197E4510002F23A5 /* AppDelegate.h */,
				7CBD2C29197E4510002F23A5 /* AppDelegate.m */,
				7CBD2C4E197E4538002F23A5 /* Main.storyboard */,
				7CBD2C2E197E4510002F23A5 /* ViewController.h */,
				7CBD2C2F197E4510002F23A5 /* ViewController.m */,
				7CBD2C31197E4510002F23A5 /* Images.xcassets */,
				7CBD2C20197E4510002F23A5 /* Supporting Files */,
			);
			path = samsungHealth;
			sourceTree = "<group>";
		};
		7CBD2C20197E4510002F23A5 /* Supporting Files */ = {
			isa = PBXGroup;
			children = (
				7CBD2C21197E4510002F23A5 /* samsungHealth-Info.plist */,
				7CBD2C22197E4510002F23A5 /* InfoPlist.strings */,
				7CBD2C25197E4510002F23A5 /* main.m */,
				7CBD2C27197E4510002F23A5 /* samsungHealth-Prefix.pch */,
			);
			name = "Supporting Files";
			sourceTree = "<group>";
		};
		7CBD2C3E197E4510002F23A5 /* samsungHealthTests */ = {
			isa = PBXGroup;
			children = (
				7CBD2C44197E4510002F23A5 /* samsungHealthTests.m */,
				7CBD2C3F197E4510002F23A5 /* Supporting Files */,
			);
			path = samsungHealthTests;
			sourceTree = "<group>";
		};
		7CBD2C3F197E4510002F23A5 /* Supporting Files */ = {
			isa = PBXGroup;
			children = (
				7CBD2C40197E4510002F23A5 /* samsungHealthTests-Info.plist */,
				7CBD2C41197E4510002F23A5 /* InfoPlist.strings */,
			);
			name = "Supporting Files";
			sourceTree = "<group>";
		};
		7CBD2CA1197EF600002F23A5 /* CircularController */ = {
			isa = PBXGroup;
			children = (
				7CBD2CA2197EF612002F23A5 /* DACircularProgressView.h */,
				7CBD2CA3197EF612002F23A5 /* DACircularProgressView.m */,
			);
			name = CircularController;
			sourceTree = "<group>";
		};
		BBC1B2CF1987228800DDEC78 /* Connect */ = {
			isa = PBXGroup;
			children = (
				7CBD2C7E197E467D002F23A5 /* ConnectViewController.m */,
				7CBD2C7F197E467D002F23A5 /* ConnectViewController.h */,
				BBC1B2CC198721E600DDEC78 /* FriendListController.h */,
				BBC1B2CD198721E600DDEC78 /* FriendListController.m */,
			);
			name = Connect;
			sourceTree = "<group>";
		};
/* End PBXGroup section */

/* Begin PBXNativeTarget section */
		7CBD2C15197E4510002F23A5 /* samsungHealth */ = {
			isa = PBXNativeTarget;
			buildConfigurationList = 7CBD2C48197E4510002F23A5 /* Build configuration list for PBXNativeTarget "samsungHealth" */;
			buildPhases = (
				7CBD2C12197E4510002F23A5 /* Sources */,
				7CBD2C13197E4510002F23A5 /* Frameworks */,
				7CBD2C14197E4510002F23A5 /* Resources */,
			);
			buildRules = (
			);
			dependencies = (
			);
			name = samsungHealth;
			productName = samsungHealth;
			productReference = 7CBD2C16197E4510002F23A5 /* samsungHealth.app */;
			productType = "com.apple.product-type.application";
		};
		7CBD2C36197E4510002F23A5 /* samsungHealthTests */ = {
			isa = PBXNativeTarget;
			buildConfigurationList = 7CBD2C4B197E4510002F23A5 /* Build configuration list for PBXNativeTarget "samsungHealthTests" */;
			buildPhases = (
				7CBD2C33197E4510002F23A5 /* Sources */,
				7CBD2C34197E4510002F23A5 /* Frameworks */,
				7CBD2C35197E4510002F23A5 /* Resources */,
			);
			buildRules = (
			);
			dependencies = (
				7CBD2C3D197E4510002F23A5 /* PBXTargetDependency */,
			);
			name = samsungHealthTests;
			productName = samsungHealthTests;
			productReference = 7CBD2C37197E4510002F23A5 /* samsungHealthTests.xctest */;
			productType = "com.apple.product-type.bundle.unit-test";
		};
/* End PBXNativeTarget section */

/* Begin PBXProject section */
		7CBD2C0E197E4510002F23A5 /* Project object */ = {
			isa = PBXProject;
			attributes = {
				LastUpgradeCheck = 0510;
				ORGANIZATIONNAME = "Hao Ge";
				TargetAttributes = {
					7CBD2C36197E4510002F23A5 = {
						TestTargetID = 7CBD2C15197E4510002F23A5;
					};
				};
			};
			buildConfigurationList = 7CBD2C11197E4510002F23A5 /* Build configuration list for PBXProject "samsungHealth" */;
			compatibilityVersion = "Xcode 3.2";
			developmentRegion = English;
			hasScannedForEncodings = 0;
			knownRegions = (
				en,
				Base,
			);
			mainGroup = 7CBD2C0D197E4510002F23A5;
			productRefGroup = 7CBD2C17197E4510002F23A5 /* Products */;
			projectDirPath = "";
			projectRoot = "";
			targets = (
				7CBD2C15197E4510002F23A5 /* samsungHealth */,
				7CBD2C36197E4510002F23A5 /* samsungHealthTests */,
			);
		};
/* End PBXProject section */

/* Begin PBXResourcesBuildPhase section */
		7CBD2C14197E4510002F23A5 /* Resources */ = {
			isa = PBXResourcesBuildPhase;
			buildActionMask = 2147483647;
			files = (
				7CBD2C32197E4510002F23A5 /* Images.xcassets in Resources */,
				7CBD2C89197E467D002F23A5 /* avatar@2x.jpg in Resources */,
				7CBD2C24197E4510002F23A5 /* InfoPlist.strings in Resources */,
				7CBD2C4F197E4538002F23A5 /* Main.storyboard in Resources */,
			);
			runOnlyForDeploymentPostprocessing = 0;
		};
		7CBD2C35197E4510002F23A5 /* Resources */ = {
			isa = PBXResourcesBuildPhase;
			buildActionMask = 2147483647;
			files = (
				7CBD2C43197E4510002F23A5 /* InfoPlist.strings in Resources */,
			);
			runOnlyForDeploymentPostprocessing = 0;
		};
/* End PBXResourcesBuildPhase section */

/* Begin PBXSourcesBuildPhase section */
		7CBD2C12197E4510002F23A5 /* Sources */ = {
			isa = PBXSourcesBuildPhase;
			buildActionMask = 2147483647;
			files = (
				BBC1B2CE198721E600DDEC78 /* FriendListController.m in Sources */,
				7CBD2C30197E4510002F23A5 /* ViewController.m in Sources */,
				7CBD2C5B197E4642002F23A5 /* TargetViewController.m in Sources */,
				7CBD2C6C197E4651002F23A5 /* RootViewController.m in Sources */,
				7CBD2C6F197E4651002F23A5 /* REFrostedContainerViewController.m in Sources */,
				7CBD2C8A197E467D002F23A5 /* AppsDevicesViewController.m in Sources */,
				7CBD2C73197E4651002F23A5 /* MenuViewController.m in Sources */,
				7CBD2C5A197E4642002F23A5 /* UIImage+REFrostedViewController.m in Sources */,
				7CBD2C2A197E4510002F23A5 /* AppDelegate.m in Sources */,
				7CBD2C6D197E4651002F23A5 /* RewardViewController.m in Sources */,
				7CBD2C70197E4651002F23A5 /* RECommonFunctions.m in Sources */,
				7CBD2C85197E467D002F23A5 /* DeviceViewController.m in Sources */,
				7CBD2C87197E467D002F23A5 /* ConnectViewController.m in Sources */,
				7C79580D198729D1008FB679 /* DashTableViewController.m in Sources */,
				7CBD2C86197E467D002F23A5 /* DashBoardViewController.m in Sources */,
				7CBD2C59197E4642002F23A5 /* UIView+REFrostedViewController.m in Sources */,
				7CBD2C71197E4651002F23A5 /* ProfileViewController.m in Sources */,
				7CBD2C58197E4642002F23A5 /* UIViewController+REFrostedViewController.m in Sources */,
				7CBD2CA4197EF612002F23A5 /* DACircularProgressView.m in Sources */,
				7CBD2C26197E4510002F23A5 /* main.m in Sources */,
				7CBD2C79197E4671002F23A5 /* FitbitViewController.m in Sources */,
				7CBD2C6E197E4651002F23A5 /* REFrostedViewController.m in Sources */,
				7CBD2C72197E4651002F23A5 /* NavigationController.m in Sources */,
			);
			runOnlyForDeploymentPostprocessing = 0;
		};
		7CBD2C33197E4510002F23A5 /* Sources */ = {
			isa = PBXSourcesBuildPhase;
			buildActionMask = 2147483647;
			files = (
				7CBD2C45197E4510002F23A5 /* samsungHealthTests.m in Sources */,
			);
			runOnlyForDeploymentPostprocessing = 0;
		};
/* End PBXSourcesBuildPhase section */

/* Begin PBXTargetDependency section */
		7CBD2C3D197E4510002F23A5 /* PBXTargetDependency */ = {
			isa = PBXTargetDependency;
			target = 7CBD2C15197E4510002F23A5 /* samsungHealth */;
			targetProxy = 7CBD2C3C197E4510002F23A5 /* PBXContainerItemProxy */;
		};
/* End PBXTargetDependency section */

/* Begin PBXVariantGroup section */
		7CBD2C22197E4510002F23A5 /* InfoPlist.strings */ = {
			isa = PBXVariantGroup;
			children = (
				7CBD2C23197E4510002F23A5 /* en */,
			);
			name = InfoPlist.strings;
			sourceTree = "<group>";
		};
		7CBD2C41197E4510002F23A5 /* InfoPlist.strings */ = {
			isa = PBXVariantGroup;
			children = (
				7CBD2C42197E4510002F23A5 /* en */,
			);
			name = InfoPlist.strings;
			sourceTree = "<group>";
		};
/* End PBXVariantGroup section */

/* Begin XCBuildConfiguration section */
		7CBD2C46197E4510002F23A5 /* Debug */ = {
			isa = XCBuildConfiguration;
			buildSettings = {
				ALWAYS_SEARCH_USER_PATHS = NO;
				CLANG_CXX_LANGUAGE_STANDARD = "gnu++0x";
				CLANG_CXX_LIBRARY = "libc++";
				CLANG_ENABLE_MODULES = YES;
				CLANG_ENABLE_OBJC_ARC = YES;
				CLANG_WARN_BOOL_CONVERSION = YES;
				CLANG_WARN_CONSTANT_CONVERSION = YES;
				CLANG_WARN_DIRECT_OBJC_ISA_USAGE = YES_ERROR;
				CLANG_WARN_EMPTY_BODY = YES;
				CLANG_WARN_ENUM_CONVERSION = YES;
				CLANG_WARN_INT_CONVERSION = YES;
				CLANG_WARN_OBJC_ROOT_CLASS = YES_ERROR;
				CLANG_WARN__DUPLICATE_METHOD_MATCH = YES;
				"CODE_SIGN_IDENTITY[sdk=iphoneos*]" = "iPhone Developer";
				COPY_PHASE_STRIP = NO;
				GCC_C_LANGUAGE_STANDARD = gnu99;
				GCC_DYNAMIC_NO_PIC = NO;
				GCC_OPTIMIZATION_LEVEL = 0;
				GCC_PREPROCESSOR_DEFINITIONS = (
					"DEBUG=1",
					"$(inherited)",
				);
				GCC_SYMBOLS_PRIVATE_EXTERN = NO;
				GCC_WARN_64_TO_32_BIT_CONVERSION = YES;
				GCC_WARN_ABOUT_RETURN_TYPE = YES_ERROR;
				GCC_WARN_UNDECLARED_SELECTOR = YES;
				GCC_WARN_UNINITIALIZED_AUTOS = YES_AGGRESSIVE;
				GCC_WARN_UNUSED_FUNCTION = YES;
				GCC_WARN_UNUSED_VARIABLE = YES;
				IPHONEOS_DEPLOYMENT_TARGET = 7.1;
				ONLY_ACTIVE_ARCH = YES;
				SDKROOT = iphoneos;
			};
			name = Debug;
		};
		7CBD2C47197E4510002F23A5 /* Release */ = {
			isa = XCBuildConfiguration;
			buildSettings = {
				ALWAYS_SEARCH_USER_PATHS = NO;
				CLANG_CXX_LANGUAGE_STANDARD = "gnu++0x";
				CLANG_CXX_LIBRARY = "libc++";
				CLANG_ENABLE_MODULES = YES;
				CLANG_ENABLE_OBJC_ARC = YES;
				CLANG_WARN_BOOL_CONVERSION = YES;
				CLANG_WARN_CONSTANT_CONVERSION = YES;
				CLANG_WARN_DIRECT_OBJC_ISA_USAGE = YES_ERROR;
				CLANG_WARN_EMPTY_BODY = YES;
				CLANG_WARN_ENUM_CONVERSION = YES;
				CLANG_WARN_INT_CONVERSION = YES;
				CLANG_WARN_OBJC_ROOT_CLASS = YES_ERROR;
				CLANG_WARN__DUPLICATE_METHOD_MATCH = YES;
				"CODE_SIGN_IDENTITY[sdk=iphoneos*]" = "iPhone Developer";
				COPY_PHASE_STRIP = YES;
				ENABLE_NS_ASSERTIONS = NO;
				GCC_C_LANGUAGE_STANDARD = gnu99;
				GCC_WARN_64_TO_32_BIT_CONVERSION = YES;
				GCC_WARN_ABOUT_RETURN_TYPE = YES_ERROR;
				GCC_WARN_UNDECLARED_SELECTOR = YES;
				GCC_WARN_UNINITIALIZED_AUTOS = YES_AGGRESSIVE;
				GCC_WARN_UNUSED_FUNCTION = YES;
				GCC_WARN_UNUSED_VARIABLE = YES;
				IPHONEOS_DEPLOYMENT_TARGET = 7.1;
				SDKROOT = iphoneos;
				VALIDATE_PRODUCT = YES;
			};
			name = Release;
		};
		7CBD2C49197E4510002F23A5 /* Debug */ = {
			isa = XCBuildConfiguration;
			buildSettings = {
				ASSETCATALOG_COMPILER_APPICON_NAME = AppIcon;
				ASSETCATALOG_COMPILER_LAUNCHIMAGE_NAME = LaunchImage;
				FRAMEWORK_SEARCH_PATHS = (
					"$(inherited)",
					"$(PROJECT_DIR)",
				);
				GCC_PRECOMPILE_PREFIX_HEADER = YES;
				GCC_PREFIX_HEADER = "samsungHealth/samsungHealth-Prefix.pch";
				INFOPLIST_FILE = "samsungHealth/samsungHealth-Info.plist";
				PRODUCT_NAME = "$(TARGET_NAME)";
				WRAPPER_EXTENSION = app;
			};
			name = Debug;
		};
		7CBD2C4A197E4510002F23A5 /* Release */ = {
			isa = XCBuildConfiguration;
			buildSettings = {
				ASSETCATALOG_COMPILER_APPICON_NAME = AppIcon;
				ASSETCATALOG_COMPILER_LAUNCHIMAGE_NAME = LaunchImage;
				FRAMEWORK_SEARCH_PATHS = (
					"$(inherited)",
					"$(PROJECT_DIR)",
				);
				GCC_PRECOMPILE_PREFIX_HEADER = YES;
				GCC_PREFIX_HEADER = "samsungHealth/samsungHealth-Prefix.pch";
				INFOPLIST_FILE = "samsungHealth/samsungHealth-Info.plist";
				PRODUCT_NAME = "$(TARGET_NAME)";
				WRAPPER_EXTENSION = app;
			};
			name = Release;
		};
		7CBD2C4C197E4510002F23A5 /* Debug */ = {
			isa = XCBuildConfiguration;
			buildSettings = {
				BUNDLE_LOADER = "$(BUILT_PRODUCTS_DIR)/samsungHealth.app/samsungHealth";
				FRAMEWORK_SEARCH_PATHS = (
					"$(SDKROOT)/Developer/Library/Frameworks",
					"$(inherited)",
					"$(DEVELOPER_FRAMEWORKS_DIR)",
				);
				GCC_PRECOMPILE_PREFIX_HEADER = YES;
				GCC_PREFIX_HEADER = "samsungHealth/samsungHealth-Prefix.pch";
				GCC_PREPROCESSOR_DEFINITIONS = (
					"DEBUG=1",
					"$(inherited)",
				);
				INFOPLIST_FILE = "samsungHealthTests/samsungHealthTests-Info.plist";
				PRODUCT_NAME = "$(TARGET_NAME)";
				TEST_HOST = "$(BUNDLE_LOADER)";
				WRAPPER_EXTENSION = xctest;
			};
			name = Debug;
		};
		7CBD2C4D197E4510002F23A5 /* Release */ = {
			isa = XCBuildConfiguration;
			buildSettings = {
				BUNDLE_LOADER = "$(BUILT_PRODUCTS_DIR)/samsungHealth.app/samsungHealth";
				FRAMEWORK_SEARCH_PATHS = (
					"$(SDKROOT)/Developer/Library/Frameworks",
					"$(inherited)",
					"$(DEVELOPER_FRAMEWORKS_DIR)",
				);
				GCC_PRECOMPILE_PREFIX_HEADER = YES;
				GCC_PREFIX_HEADER = "samsungHealth/samsungHealth-Prefix.pch";
				INFOPLIST_FILE = "samsungHealthTests/samsungHealthTests-Info.plist";
				PRODUCT_NAME = "$(TARGET_NAME)";
				TEST_HOST = "$(BUNDLE_LOADER)";
				WRAPPER_EXTENSION = xctest;
			};
			name = Release;
		};
/* End XCBuildConfiguration section */

/* Begin XCConfigurationList section */
		7CBD2C11197E4510002F23A5 /* Build configuration list for PBXProject "samsungHealth" */ = {
			isa = XCConfigurationList;
			buildConfigurations = (
				7CBD2C46197E4510002F23A5 /* Debug */,
				7CBD2C47197E4510002F23A5 /* Release */,
			);
			defaultConfigurationIsVisible = 0;
			defaultConfigurationName = Release;
		};
		7CBD2C48197E4510002F23A5 /* Build configuration list for PBXNativeTarget "samsungHealth" */ = {
			isa = XCConfigurationList;
			buildConfigurations = (
				7CBD2C49197E4510002F23A5 /* Debug */,
				7CBD2C4A197E4510002F23A5 /* Release */,
			);
			defaultConfigurationIsVisible = 0;
			defaultConfigurationName = Release;
		};
		7CBD2C4B197E4510002F23A5 /* Build configuration list for PBXNativeTarget "samsungHealthTests" */ = {
			isa = XCConfigurationList;
			buildConfigurations = (
				7CBD2C4C197E4510002F23A5 /* Debug */,
				7CBD2C4D197E4510002F23A5 /* Release */,
			);
			defaultConfigurationIsVisible = 0;
			defaultConfigurationName = Release;
		};
/* End XCConfigurationList section */
	};
	rootObject = 7CBD2C0E197E4510002F23A5 /* Project object */;
}
