// !$*UTF8*$!
{
	archiveVersion = 1;
	classes = {
	};
	objectVersion = 46;
	objects = {

/* Begin PBXBuildFile section */
		0B0A240219957AAB0086309E /* NewsFeedViewController.m in Sources */ = {isa = PBXBuildFile; fileRef = 0B0A240119957AAB0086309E /* NewsFeedViewController.m */; };
		0B0A241719957B620086309E /* arrow_down.png in Resources */ = {isa = PBXBuildFile; fileRef = 0B0A240519957B620086309E /* arrow_down.png */; };
		0B0A241819957B620086309E /* arrow_down1.png in Resources */ = {isa = PBXBuildFile; fileRef = 0B0A240619957B620086309E /* arrow_down1.png */; };
		0B0A241919957B620086309E /* arrow_down1@2x.png in Resources */ = {isa = PBXBuildFile; fileRef = 0B0A240719957B620086309E /* arrow_down1@2x.png */; };
		0B0A241A19957B620086309E /* arrow_down@2x.png in Resources */ = {isa = PBXBuildFile; fileRef = 0B0A240819957B620086309E /* arrow_down@2x.png */; };
		0B0A241B19957B620086309E /* SICellSelection.m in Sources */ = {isa = PBXBuildFile; fileRef = 0B0A240A19957B620086309E /* SICellSelection.m */; };
		0B0A241C19957B620086309E /* SIMenuButton.m in Sources */ = {isa = PBXBuildFile; fileRef = 0B0A240C19957B620086309E /* SIMenuButton.m */; };
		0B0A241D19957B620086309E /* SIMenuCell.m in Sources */ = {isa = PBXBuildFile; fileRef = 0B0A240E19957B620086309E /* SIMenuCell.m */; };
		0B0A241E19957B620086309E /* SIMenuConfiguration.m in Sources */ = {isa = PBXBuildFile; fileRef = 0B0A241019957B620086309E /* SIMenuConfiguration.m */; };
		0B0A241F19957B620086309E /* SIMenuTable.m in Sources */ = {isa = PBXBuildFile; fileRef = 0B0A241219957B620086309E /* SIMenuTable.m */; };
		0B0A242019957B620086309E /* SINavigationMenuView.m in Sources */ = {isa = PBXBuildFile; fileRef = 0B0A241419957B620086309E /* SINavigationMenuView.m */; };
		0B0A242119957B620086309E /* UIColor+Extension.m in Sources */ = {isa = PBXBuildFile; fileRef = 0B0A241619957B620086309E /* UIColor+Extension.m */; };
		0B0A24241995E2990086309E /* Group.m in Sources */ = {isa = PBXBuildFile; fileRef = 0B0A24231995E2990086309E /* Group.m */; };
		0B0A24271995E3280086309E /* Reward.m in Sources */ = {isa = PBXBuildFile; fileRef = 0B0A24261995E3280086309E /* Reward.m */; };
		0B0A242D1995E42E0086309E /* News.m in Sources */ = {isa = PBXBuildFile; fileRef = 0B0A242C1995E42E0086309E /* News.m */; };
		0B3758501989D5D0004A9EB9 /* FacebookSDK.framework in Frameworks */ = {isa = PBXBuildFile; fileRef = 0B37584F1989D5D0004A9EB9 /* FacebookSDK.framework */; };
		0B3758521989D8FC004A9EB9 /* Social.framework in Frameworks */ = {isa = PBXBuildFile; fileRef = 0B3758511989D8FC004A9EB9 /* Social.framework */; };
		0B3758541989D90E004A9EB9 /* Accounts.framework in Frameworks */ = {isa = PBXBuildFile; fileRef = 0B3758531989D90E004A9EB9 /* Accounts.framework */; };
		0B3758571989DE08004A9EB9 /* GoalTableCell.m in Sources */ = {isa = PBXBuildFile; fileRef = 0B3758561989DE08004A9EB9 /* GoalTableCell.m */; };
		0BA87092198C5BA900236EBD /* UserData.m in Sources */ = {isa = PBXBuildFile; fileRef = 0BA87091198C5BA900236EBD /* UserData.m */; };
		0BE385E7197E4AA2002D27B4 /* OAuthiOS.framework in Frameworks */ = {isa = PBXBuildFile; fileRef = 7CBD2C8D197E4754002F23A5 /* OAuthiOS.framework */; };
		3B1CD2071989D75400282886 /* (null) in Sources */ = {isa = PBXBuildFile; };
		3BD61A0319969E6600F2A528 /* Members.m in Sources */ = {isa = PBXBuildFile; fileRef = 3BD61A0219969E6600F2A528 /* Members.m */; };
		3BD61A061996ED8800F2A528 /* CreateGroup.m in Sources */ = {isa = PBXBuildFile; fileRef = 3BD61A051996ED8800F2A528 /* CreateGroup.m */; };
		3BD61A09199715CD00F2A528 /* CouponDetailCell.m in Sources */ = {isa = PBXBuildFile; fileRef = 3BD61A08199715CD00F2A528 /* CouponDetailCell.m */; };
		3BE7C18D1999B46100FB30AE /* CouponListViewController.m in Sources */ = {isa = PBXBuildFile; fileRef = 3BE7C18C1999B46100FB30AE /* CouponListViewController.m */; };
		7C1A6CA219956E2500E307DA /* Goal.m in Sources */ = {isa = PBXBuildFile; fileRef = 7C1A6CA119956E2500E307DA /* Goal.m */; };
		7C89F8951989A9F100F021EF /* AppDeviceTableViewCell.m in Sources */ = {isa = PBXBuildFile; fileRef = 7C89F8941989A9F100F021EF /* AppDeviceTableViewCell.m */; };
		7C89F8A31989C1B800F021EF /* PNBar.m in Sources */ = {isa = PBXBuildFile; fileRef = 7C89F8981989C1B800F021EF /* PNBar.m */; };
		7C89F8A41989C1B800F021EF /* PNBarChart.m in Sources */ = {isa = PBXBuildFile; fileRef = 7C89F89A1989C1B800F021EF /* PNBarChart.m */; };
		7C89F8A51989C1B800F021EF /* PNChart.m in Sources */ = {isa = PBXBuildFile; fileRef = 7C89F89C1989C1B800F021EF /* PNChart.m */; };
		7C89F8A61989C1B800F021EF /* PNChartLabel.m in Sources */ = {isa = PBXBuildFile; fileRef = 7C89F89E1989C1B800F021EF /* PNChartLabel.m */; };
		7C89F8A71989C1B800F021EF /* PNColor.m in Sources */ = {isa = PBXBuildFile; fileRef = 7C89F8A01989C1B800F021EF /* PNColor.m */; };
		7C89F8A81989C1B800F021EF /* PNLineChart.m in Sources */ = {isa = PBXBuildFile; fileRef = 7C89F8A21989C1B800F021EF /* PNLineChart.m */; };
		7C89F8AB1989C22F00F021EF /* DetailViewController.m in Sources */ = {isa = PBXBuildFile; fileRef = 7C89F8AA1989C22F00F021EF /* DetailViewController.m */; };
		7C89F8B11989CB4A00F021EF /* TargetViewDetailController.m in Sources */ = {isa = PBXBuildFile; fileRef = 7C89F8B01989CB4A00F021EF /* TargetViewDetailController.m */; };
		7C89F8B41989CD9900F021EF /* CompeteViewController.m in Sources */ = {isa = PBXBuildFile; fileRef = 7C89F8B31989CD9900F021EF /* CompeteViewController.m */; };
		7C89F8B71989F01600F021EF /* ProfileViewController.m in Sources */ = {isa = PBXBuildFile; fileRef = 7C89F8B61989F01600F021EF /* ProfileViewController.m */; };
		7C89F8BA198AFDB400F021EF /* LaunchViewController.m in Sources */ = {isa = PBXBuildFile; fileRef = 7C89F8B9198AFDB400F021EF /* LaunchViewController.m */; };
		7CA1D870199024720066CE40 /* Time.m in Sources */ = {isa = PBXBuildFile; fileRef = 7CA1D86F199024720066CE40 /* Time.m */; };
		7CBD2C1A197E4510002F23A5 /* Foundation.framework in Frameworks */ = {isa = PBXBuildFile; fileRef = 7CBD2C19197E4510002F23A5 /* Foundation.framework */; };
		7CBD2C1C197E4510002F23A5 /* CoreGraphics.framework in Frameworks */ = {isa = PBXBuildFile; fileRef = 7CBD2C1B197E4510002F23A5 /* CoreGraphics.framework */; };
		7CBD2C1E197E4510002F23A5 /* UIKit.framework in Frameworks */ = {isa = PBXBuildFile; fileRef = 7CBD2C1D197E4510002F23A5 /* UIKit.framework */; };
		7CBD2C24197E4510002F23A5 /* InfoPlist.strings in Resources */ = {isa = PBXBuildFile; fileRef = 7CBD2C22197E4510002F23A5 /* InfoPlist.strings */; };
		7CBD2C26197E4510002F23A5 /* main.m in Sources */ = {isa = PBXBuildFile; fileRef = 7CBD2C25197E4510002F23A5 /* main.m */; };
		7CBD2C2A197E4510002F23A5 /* AppDelegate.m in Sources */ = {isa = PBXBuildFile; fileRef = 7CBD2C29197E4510002F23A5 /* AppDelegate.m */; };
		7CBD2C30197E4510002F23A5 /* ViewController.m in Sources */ = {isa = PBXBuildFile; fileRef = 7CBD2C2F197E4510002F23A5 /* ViewController.m */; };
		7CBD2C32197E4510002F23A5 /* Images.xcassets in Resources */ = {isa = PBXBuildFile; fileRef = 7CBD2C31197E4510002F23A5 /* Images.xcassets */; };
		7CBD2C39197E4510002F23A5 /* XCTest.framework in Frameworks */ = {isa = PBXBuildFile; fileRef = 7CBD2C38197E4510002F23A5 /* XCTest.framework */; };
		7CBD2C3A197E4510002F23A5 /* Foundation.framework in Frameworks */ = {isa = PBXBuildFile; fileRef = 7CBD2C19197E4510002F23A5 /* Foundation.framework */; };
		7CBD2C3B197E4510002F23A5 /* UIKit.framework in Frameworks */ = {isa = PBXBuildFile; fileRef = 7CBD2C1D197E4510002F23A5 /* UIKit.framework */; };
		7CBD2C43197E4510002F23A5 /* InfoPlist.strings in Resources */ = {isa = PBXBuildFile; fileRef = 7CBD2C41197E4510002F23A5 /* InfoPlist.strings */; };
		7CBD2C45197E4510002F23A5 /* samsungHealthTests.m in Sources */ = {isa = PBXBuildFile; fileRef = 7CBD2C44197E4510002F23A5 /* samsungHealthTests.m */; };
		7CBD2C4F197E4538002F23A5 /* Main.storyboard in Resources */ = {isa = PBXBuildFile; fileRef = 7CBD2C4E197E4538002F23A5 /* Main.storyboard */; };
		7CBD2C58197E4642002F23A5 /* UIViewController+REFrostedViewController.m in Sources */ = {isa = PBXBuildFile; fileRef = 7CBD2C50197E4642002F23A5 /* UIViewController+REFrostedViewController.m */; };
		7CBD2C59197E4642002F23A5 /* UIView+REFrostedViewController.m in Sources */ = {isa = PBXBuildFile; fileRef = 7CBD2C52197E4642002F23A5 /* UIView+REFrostedViewController.m */; };
		7CBD2C5A197E4642002F23A5 /* UIImage+REFrostedViewController.m in Sources */ = {isa = PBXBuildFile; fileRef = 7CBD2C54197E4642002F23A5 /* UIImage+REFrostedViewController.m */; };
		7CBD2C5B197E4642002F23A5 /* TargetViewController.m in Sources */ = {isa = PBXBuildFile; fileRef = 7CBD2C56197E4642002F23A5 /* TargetViewController.m */; };
		7CBD2C6C197E4651002F23A5 /* RootViewController.m in Sources */ = {isa = PBXBuildFile; fileRef = 7CBD2C5C197E4651002F23A5 /* RootViewController.m */; };
		7CBD2C6D197E4651002F23A5 /* RewardViewController.m in Sources */ = {isa = PBXBuildFile; fileRef = 7CBD2C5E197E4651002F23A5 /* RewardViewController.m */; };
		7CBD2C6E197E4651002F23A5 /* REFrostedViewController.m in Sources */ = {isa = PBXBuildFile; fileRef = 7CBD2C60197E4651002F23A5 /* REFrostedViewController.m */; };
		7CBD2C6F197E4651002F23A5 /* REFrostedContainerViewController.m in Sources */ = {isa = PBXBuildFile; fileRef = 7CBD2C62197E4651002F23A5 /* REFrostedContainerViewController.m */; };
		7CBD2C70197E4651002F23A5 /* RECommonFunctions.m in Sources */ = {isa = PBXBuildFile; fileRef = 7CBD2C64197E4651002F23A5 /* RECommonFunctions.m */; };
		7CBD2C72197E4651002F23A5 /* NavigationController.m in Sources */ = {isa = PBXBuildFile; fileRef = 7CBD2C68197E4651002F23A5 /* NavigationController.m */; };
		7CBD2C73197E4651002F23A5 /* MenuViewController.m in Sources */ = {isa = PBXBuildFile; fileRef = 7CBD2C6A197E4651002F23A5 /* MenuViewController.m */; };
		7CBD2C79197E4671002F23A5 /* FitbitViewController.m in Sources */ = {isa = PBXBuildFile; fileRef = 7CBD2C77197E4671002F23A5 /* FitbitViewController.m */; };
		7CBD2C85197E467D002F23A5 /* DeviceViewController.m in Sources */ = {isa = PBXBuildFile; fileRef = 7CBD2C7A197E467D002F23A5 /* DeviceViewController.m */; };
		7CBD2C86197E467D002F23A5 /* DashBoardViewController.m in Sources */ = {isa = PBXBuildFile; fileRef = 7CBD2C7C197E467D002F23A5 /* DashBoardViewController.m */; };
		7CBD2C87197E467D002F23A5 /* ConnectViewController.m in Sources */ = {isa = PBXBuildFile; fileRef = 7CBD2C7E197E467D002F23A5 /* ConnectViewController.m */; };
		7CBD2C8A197E467D002F23A5 /* AppsDevicesViewController.m in Sources */ = {isa = PBXBuildFile; fileRef = 7CBD2C83197E467D002F23A5 /* AppsDevicesViewController.m */; };
		7CBD2C8C197E46AF002F23A5 /* Parse.framework in Frameworks */ = {isa = PBXBuildFile; fileRef = 7CBD2C8B197E46AF002F23A5 /* Parse.framework */; };
		7CBD2C90197E47C5002F23A5 /* AudioToolbox.framework in Frameworks */ = {isa = PBXBuildFile; fileRef = 7CBD2C8F197E47C5002F23A5 /* AudioToolbox.framework */; };
		7CBD2C92197E47CF002F23A5 /* CFNetwork.framework in Frameworks */ = {isa = PBXBuildFile; fileRef = 7CBD2C91197E47CF002F23A5 /* CFNetwork.framework */; };
		7CBD2C94197E47D9002F23A5 /* CoreLocation.framework in Frameworks */ = {isa = PBXBuildFile; fileRef = 7CBD2C93197E47D9002F23A5 /* CoreLocation.framework */; };
		7CBD2C96197E47FE002F23A5 /* libz.dylib in Frameworks */ = {isa = PBXBuildFile; fileRef = 7CBD2C95197E47FE002F23A5 /* libz.dylib */; };
		7CBD2C98197E4804002F23A5 /* MobileCoreServices.framework in Frameworks */ = {isa = PBXBuildFile; fileRef = 7CBD2C97197E4804002F23A5 /* MobileCoreServices.framework */; };
		7CBD2C9A197E480B002F23A5 /* QuartzCore.framework in Frameworks */ = {isa = PBXBuildFile; fileRef = 7CBD2C99197E480B002F23A5 /* QuartzCore.framework */; };
		7CBD2C9C197E4813002F23A5 /* Security.framework in Frameworks */ = {isa = PBXBuildFile; fileRef = 7CBD2C9B197E4813002F23A5 /* Security.framework */; };
		7CBD2C9E197E481F002F23A5 /* StoreKit.framework in Frameworks */ = {isa = PBXBuildFile; fileRef = 7CBD2C9D197E481F002F23A5 /* StoreKit.framework */; };
		7CBD2CA0197E482C002F23A5 /* SystemConfiguration.framework in Frameworks */ = {isa = PBXBuildFile; fileRef = 7CBD2C9F197E482C002F23A5 /* SystemConfiguration.framework */; };
		7CBD2CA4197EF612002F23A5 /* DACircularProgressView.m in Sources */ = {isa = PBXBuildFile; fileRef = 7CBD2CA3197EF612002F23A5 /* DACircularProgressView.m */; };
		7CE78A90198C5AE2002ED7E5 /* HealthData.m in Sources */ = {isa = PBXBuildFile; fileRef = 7CE78A8F198C5AE2002ED7E5 /* HealthData.m */; };
		7CE78A93198C8366002ED7E5 /* DashTableViewCell.m in Sources */ = {isa = PBXBuildFile; fileRef = 7CE78A92198C8366002ED7E5 /* DashTableViewCell.m */; };
		7CE78A96198CA42C002ED7E5 /* ImproveTableViewCell.m in Sources */ = {isa = PBXBuildFile; fileRef = 7CE78A95198CA42C002ED7E5 /* ImproveTableViewCell.m */; };
		7CE78A99198CA459002ED7E5 /* ImproveTableViewController.m in Sources */ = {isa = PBXBuildFile; fileRef = 7CE78A98198CA459002ED7E5 /* ImproveTableViewController.m */; };
		7CE78A9C198D5F36002ED7E5 /* ProfileTableViewCell.m in Sources */ = {isa = PBXBuildFile; fileRef = 7CE78A9B198D5F36002ED7E5 /* ProfileTableViewCell.m */; };
		7CE78A9F198D8AC0002ED7E5 /* FriendTableViewCell.m in Sources */ = {isa = PBXBuildFile; fileRef = 7CE78A9E198D8AC0002ED7E5 /* FriendTableViewCell.m */; };
		BB93A1FB19914FE100AA1CED /* RedeemViewController.m in Sources */ = {isa = PBXBuildFile; fileRef = BB93A1FA19914FE100AA1CED /* RedeemViewController.m */; };
		BBC1B2CE198721E600DDEC78 /* FriendListController.m in Sources */ = {isa = PBXBuildFile; fileRef = BBC1B2CD198721E600DDEC78 /* FriendListController.m */; };
/* End PBXBuildFile section */

/* Begin PBXContainerItemProxy section */
		7CBD2C3C197E4510002F23A5 /* PBXContainerItemProxy */ = {
			isa = PBXContainerItemProxy;
			containerPortal = 7CBD2C0E197E4510002F23A5 /* Project object */;
			proxyType = 1;
			remoteGlobalIDString = 7CBD2C15197E4510002F23A5;
			remoteInfo = samsungHealth;
		};
/* End PBXContainerItemProxy section */

/* Begin PBXFileReference section */
		0B0A240019957AAB0086309E /* NewsFeedViewController.h */ = {isa = PBXFileReference; fileEncoding = 4; lastKnownFileType = sourcecode.c.h; path = NewsFeedViewController.h; sourceTree = "<group>"; };
		0B0A240119957AAB0086309E /* NewsFeedViewController.m */ = {isa = PBXFileReference; fileEncoding = 4; lastKnownFileType = sourcecode.c.objc; path = NewsFeedViewController.m; sourceTree = "<group>"; };
		0B0A240519957B620086309E /* arrow_down.png */ = {isa = PBXFileReference; lastKnownFileType = image.png; path = arrow_down.png; sourceTree = "<group>"; };
		0B0A240619957B620086309E /* arrow_down1.png */ = {isa = PBXFileReference; lastKnownFileType = image.png; path = arrow_down1.png; sourceTree = "<group>"; };
		0B0A240719957B620086309E /* arrow_down1@2x.png */ = {isa = PBXFileReference; lastKnownFileType = image.png; path = "arrow_down1@2x.png"; sourceTree = "<group>"; };
		0B0A240819957B620086309E /* arrow_down@2x.png */ = {isa = PBXFileReference; lastKnownFileType = image.png; path = "arrow_down@2x.png"; sourceTree = "<group>"; };
		0B0A240919957B620086309E /* SICellSelection.h */ = {isa = PBXFileReference; fileEncoding = 4; lastKnownFileType = sourcecode.c.h; path = SICellSelection.h; sourceTree = "<group>"; };
		0B0A240A19957B620086309E /* SICellSelection.m */ = {isa = PBXFileReference; fileEncoding = 4; lastKnownFileType = sourcecode.c.objc; path = SICellSelection.m; sourceTree = "<group>"; };
		0B0A240B19957B620086309E /* SIMenuButton.h */ = {isa = PBXFileReference; fileEncoding = 4; lastKnownFileType = sourcecode.c.h; path = SIMenuButton.h; sourceTree = "<group>"; };
		0B0A240C19957B620086309E /* SIMenuButton.m */ = {isa = PBXFileReference; fileEncoding = 4; lastKnownFileType = sourcecode.c.objc; path = SIMenuButton.m; sourceTree = "<group>"; };
		0B0A240D19957B620086309E /* SIMenuCell.h */ = {isa = PBXFileReference; fileEncoding = 4; lastKnownFileType = sourcecode.c.h; path = SIMenuCell.h; sourceTree = "<group>"; };
		0B0A240E19957B620086309E /* SIMenuCell.m */ = {isa = PBXFileReference; fileEncoding = 4; lastKnownFileType = sourcecode.c.objc; path = SIMenuCell.m; sourceTree = "<group>"; };
		0B0A240F19957B620086309E /* SIMenuConfiguration.h */ = {isa = PBXFileReference; fileEncoding = 4; lastKnownFileType = sourcecode.c.h; path = SIMenuConfiguration.h; sourceTree = "<group>"; };
		0B0A241019957B620086309E /* SIMenuConfiguration.m */ = {isa = PBXFileReference; fileEncoding = 4; lastKnownFileType = sourcecode.c.objc; path = SIMenuConfiguration.m; sourceTree = "<group>"; };
		0B0A241119957B620086309E /* SIMenuTable.h */ = {isa = PBXFileReference; fileEncoding = 4; lastKnownFileType = sourcecode.c.h; path = SIMenuTable.h; sourceTree = "<group>"; };
		0B0A241219957B620086309E /* SIMenuTable.m */ = {isa = PBXFileReference; fileEncoding = 4; lastKnownFileType = sourcecode.c.objc; path = SIMenuTable.m; sourceTree = "<group>"; };
		0B0A241319957B620086309E /* SINavigationMenuView.h */ = {isa = PBXFileReference; fileEncoding = 4; lastKnownFileType = sourcecode.c.h; path = SINavigationMenuView.h; sourceTree = "<group>"; };
		0B0A241419957B620086309E /* SINavigationMenuView.m */ = {isa = PBXFileReference; fileEncoding = 4; lastKnownFileType = sourcecode.c.objc; path = SINavigationMenuView.m; sourceTree = "<group>"; };
		0B0A241519957B620086309E /* UIColor+Extension.h */ = {isa = PBXFileReference; fileEncoding = 4; lastKnownFileType = sourcecode.c.h; path = "UIColor+Extension.h"; sourceTree = "<group>"; };
		0B0A241619957B620086309E /* UIColor+Extension.m */ = {isa = PBXFileReference; fileEncoding = 4; lastKnownFileType = sourcecode.c.objc; path = "UIColor+Extension.m"; sourceTree = "<group>"; };
		0B0A24221995E2990086309E /* Group.h */ = {isa = PBXFileReference; fileEncoding = 4; lastKnownFileType = sourcecode.c.h; path = Group.h; sourceTree = "<group>"; };
		0B0A24231995E2990086309E /* Group.m */ = {isa = PBXFileReference; fileEncoding = 4; lastKnownFileType = sourcecode.c.objc; path = Group.m; sourceTree = "<group>"; };
		0B0A24251995E3280086309E /* Reward.h */ = {isa = PBXFileReference; fileEncoding = 4; lastKnownFileType = sourcecode.c.h; path = Reward.h; sourceTree = "<group>"; };
		0B0A24261995E3280086309E /* Reward.m */ = {isa = PBXFileReference; fileEncoding = 4; lastKnownFileType = sourcecode.c.objc; path = Reward.m; sourceTree = "<group>"; };
		0B0A242B1995E42E0086309E /* News.h */ = {isa = PBXFileReference; fileEncoding = 4; lastKnownFileType = sourcecode.c.h; name = News.h; path = ../News.h; sourceTree = "<group>"; };
		0B0A242C1995E42E0086309E /* News.m */ = {isa = PBXFileReference; fileEncoding = 4; lastKnownFileType = sourcecode.c.objc; name = News.m; path = ../News.m; sourceTree = "<group>"; };
		0B37584F1989D5D0004A9EB9 /* FacebookSDK.framework */ = {isa = PBXFileReference; lastKnownFileType = wrapper.framework; path = FacebookSDK.framework; sourceTree = "<group>"; };
		0B3758511989D8FC004A9EB9 /* Social.framework */ = {isa = PBXFileReference; lastKnownFileType = wrapper.framework; name = Social.framework; path = System/Library/Frameworks/Social.framework; sourceTree = SDKROOT; };
		0B3758531989D90E004A9EB9 /* Accounts.framework */ = {isa = PBXFileReference; lastKnownFileType = wrapper.framework; name = Accounts.framework; path = System/Library/Frameworks/Accounts.framework; sourceTree = SDKROOT; };
		0B3758551989DE08004A9EB9 /* GoalTableCell.h */ = {isa = PBXFileReference; fileEncoding = 4; lastKnownFileType = sourcecode.c.h; path = GoalTableCell.h; sourceTree = "<group>"; };
		0B3758561989DE08004A9EB9 /* GoalTableCell.m */ = {isa = PBXFileReference; fileEncoding = 4; lastKnownFileType = sourcecode.c.objc; path = GoalTableCell.m; sourceTree = "<group>"; };
		0BA87090198C5BA900236EBD /* UserData.h */ = {isa = PBXFileReference; fileEncoding = 4; lastKnownFileType = sourcecode.c.h; path = UserData.h; sourceTree = "<group>"; };
		0BA87091198C5BA900236EBD /* UserData.m */ = {isa = PBXFileReference; fileEncoding = 4; lastKnownFileType = sourcecode.c.objc; path = UserData.m; sourceTree = "<group>"; };
		3BD61A0119969E6600F2A528 /* Members.h */ = {isa = PBXFileReference; fileEncoding = 4; lastKnownFileType = sourcecode.c.h; path = Members.h; sourceTree = "<group>"; };
		3BD61A0219969E6600F2A528 /* Members.m */ = {isa = PBXFileReference; fileEncoding = 4; lastKnownFileType = sourcecode.c.objc; path = Members.m; sourceTree = "<group>"; };
		3BD61A041996ED8800F2A528 /* CreateGroup.h */ = {isa = PBXFileReference; fileEncoding = 4; lastKnownFileType = sourcecode.c.h; path = CreateGroup.h; sourceTree = "<group>"; };
		3BD61A051996ED8800F2A528 /* CreateGroup.m */ = {isa = PBXFileReference; fileEncoding = 4; lastKnownFileType = sourcecode.c.objc; path = CreateGroup.m; sourceTree = "<group>"; };
		3BD61A07199715CD00F2A528 /* CouponDetailCell.h */ = {isa = PBXFileReference; fileEncoding = 4; lastKnownFileType = sourcecode.c.h; path = CouponDetailCell.h; sourceTree = "<group>"; };
		3BD61A08199715CD00F2A528 /* CouponDetailCell.m */ = {isa = PBXFileReference; fileEncoding = 4; lastKnownFileType = sourcecode.c.objc; path = CouponDetailCell.m; sourceTree = "<group>"; };
		3BE7C18B1999B46100FB30AE /* CouponListViewController.h */ = {isa = PBXFileReference; fileEncoding = 4; lastKnownFileType = sourcecode.c.h; path = CouponListViewController.h; sourceTree = "<group>"; };
		3BE7C18C1999B46100FB30AE /* CouponListViewController.m */ = {isa = PBXFileReference; fileEncoding = 4; lastKnownFileType = sourcecode.c.objc; path = CouponListViewController.m; sourceTree = "<group>"; };
		7C1A6CA019956E2500E307DA /* Goal.h */ = {isa = PBXFileReference; fileEncoding = 4; lastKnownFileType = sourcecode.c.h; path = Goal.h; sourceTree = "<group>"; };
		7C1A6CA119956E2500E307DA /* Goal.m */ = {isa = PBXFileReference; fileEncoding = 4; lastKnownFileType = sourcecode.c.objc; path = Goal.m; sourceTree = "<group>"; };
		7C89F8931989A9F100F021EF /* AppDeviceTableViewCell.h */ = {isa = PBXFileReference; fileEncoding = 4; lastKnownFileType = sourcecode.c.h; path = AppDeviceTableViewCell.h; sourceTree = "<group>"; };
		7C89F8941989A9F100F021EF /* AppDeviceTableViewCell.m */ = {isa = PBXFileReference; fileEncoding = 4; lastKnownFileType = sourcecode.c.objc; path = AppDeviceTableViewCell.m; sourceTree = "<group>"; };
		7C89F8971989C1B800F021EF /* PNBar.h */ = {isa = PBXFileReference; fileEncoding = 4; lastKnownFileType = sourcecode.c.h; path = PNBar.h; sourceTree = "<group>"; };
		7C89F8981989C1B800F021EF /* PNBar.m */ = {isa = PBXFileReference; fileEncoding = 4; lastKnownFileType = sourcecode.c.objc; path = PNBar.m; sourceTree = "<group>"; };
		7C89F8991989C1B800F021EF /* PNBarChart.h */ = {isa = PBXFileReference; fileEncoding = 4; lastKnownFileType = sourcecode.c.h; path = PNBarChart.h; sourceTree = "<group>"; };
		7C89F89A1989C1B800F021EF /* PNBarChart.m */ = {isa = PBXFileReference; fileEncoding = 4; lastKnownFileType = sourcecode.c.objc; path = PNBarChart.m; sourceTree = "<group>"; };
		7C89F89B1989C1B800F021EF /* PNChart.h */ = {isa = PBXFileReference; fileEncoding = 4; lastKnownFileType = sourcecode.c.h; path = PNChart.h; sourceTree = "<group>"; };
		7C89F89C1989C1B800F021EF /* PNChart.m */ = {isa = PBXFileReference; fileEncoding = 4; lastKnownFileType = sourcecode.c.objc; path = PNChart.m; sourceTree = "<group>"; };
		7C89F89D1989C1B800F021EF /* PNChartLabel.h */ = {isa = PBXFileReference; fileEncoding = 4; lastKnownFileType = sourcecode.c.h; path = PNChartLabel.h; sourceTree = "<group>"; };
		7C89F89E1989C1B800F021EF /* PNChartLabel.m */ = {isa = PBXFileReference; fileEncoding = 4; lastKnownFileType = sourcecode.c.objc; path = PNChartLabel.m; sourceTree = "<group>"; };
		7C89F89F1989C1B800F021EF /* PNColor.h */ = {isa = PBXFileReference; fileEncoding = 4; lastKnownFileType = sourcecode.c.h; path = PNColor.h; sourceTree = "<group>"; };
		7C89F8A01989C1B800F021EF /* PNColor.m */ = {isa = PBXFileReference; fileEncoding = 4; lastKnownFileType = sourcecode.c.objc; path = PNColor.m; sourceTree = "<group>"; };
		7C89F8A11989C1B800F021EF /* PNLineChart.h */ = {isa = PBXFileReference; fileEncoding = 4; lastKnownFileType = sourcecode.c.h; path = PNLineChart.h; sourceTree = "<group>"; };
		7C89F8A21989C1B800F021EF /* PNLineChart.m */ = {isa = PBXFileReference; fileEncoding = 4; lastKnownFileType = sourcecode.c.objc; path = PNLineChart.m; sourceTree = "<group>"; };
		7C89F8A91989C22F00F021EF /* DetailViewController.h */ = {isa = PBXFileReference; fileEncoding = 4; lastKnownFileType = sourcecode.c.h; path = DetailViewController.h; sourceTree = "<group>"; };
		7C89F8AA1989C22F00F021EF /* DetailViewController.m */ = {isa = PBXFileReference; fileEncoding = 4; lastKnownFileType = sourcecode.c.objc; path = DetailViewController.m; sourceTree = "<group>"; };
		7C89F8AF1989CB4A00F021EF /* TargetViewDetailController.h */ = {isa = PBXFileReference; fileEncoding = 4; lastKnownFileType = sourcecode.c.h; path = TargetViewDetailController.h; sourceTree = "<group>"; };
		7C89F8B01989CB4A00F021EF /* TargetViewDetailController.m */ = {isa = PBXFileReference; fileEncoding = 4; lastKnownFileType = sourcecode.c.objc; path = TargetViewDetailController.m; sourceTree = "<group>"; };
		7C89F8B21989CD9900F021EF /* CompeteViewController.h */ = {isa = PBXFileReference; fileEncoding = 4; lastKnownFileType = sourcecode.c.h; path = CompeteViewController.h; sourceTree = "<group>"; };
		7C89F8B31989CD9900F021EF /* CompeteViewController.m */ = {isa = PBXFileReference; fileEncoding = 4; lastKnownFileType = sourcecode.c.objc; path = CompeteViewController.m; sourceTree = "<group>"; };
		7C89F8B51989F01600F021EF /* ProfileViewController.h */ = {isa = PBXFileReference; fileEncoding = 4; lastKnownFileType = sourcecode.c.h; path = ProfileViewController.h; sourceTree = "<group>"; };
		7C89F8B61989F01600F021EF /* ProfileViewController.m */ = {isa = PBXFileReference; fileEncoding = 4; lastKnownFileType = sourcecode.c.objc; path = ProfileViewController.m; sourceTree = "<group>"; };
		7C89F8B8198AFDB400F021EF /* LaunchViewController.h */ = {isa = PBXFileReference; fileEncoding = 4; lastKnownFileType = sourcecode.c.h; path = LaunchViewController.h; sourceTree = "<group>"; };
		7C89F8B9198AFDB400F021EF /* LaunchViewController.m */ = {isa = PBXFileReference; fileEncoding = 4; lastKnownFileType = sourcecode.c.objc; path = LaunchViewController.m; sourceTree = "<group>"; };
		7CA1D86E199024720066CE40 /* Time.h */ = {isa = PBXFileReference; fileEncoding = 4; lastKnownFileType = sourcecode.c.h; path = Time.h; sourceTree = "<group>"; };
		7CA1D86F199024720066CE40 /* Time.m */ = {isa = PBXFileReference; fileEncoding = 4; lastKnownFileType = sourcecode.c.objc; path = Time.m; sourceTree = "<group>"; };
		7CBD2C16197E4510002F23A5 /* samsungHealth.app */ = {isa = PBXFileReference; explicitFileType = wrapper.application; includeInIndex = 0; path = samsungHealth.app; sourceTree = BUILT_PRODUCTS_DIR; };
		7CBD2C19197E4510002F23A5 /* Foundation.framework */ = {isa = PBXFileReference; lastKnownFileType = wrapper.framework; name = Foundation.framework; path = System/Library/Frameworks/Foundation.framework; sourceTree = SDKROOT; };
		7CBD2C1B197E4510002F23A5 /* CoreGraphics.framework */ = {isa = PBXFileReference; lastKnownFileType = wrapper.framework; name = CoreGraphics.framework; path = System/Library/Frameworks/CoreGraphics.framework; sourceTree = SDKROOT; };
		7CBD2C1D197E4510002F23A5 /* UIKit.framework */ = {isa = PBXFileReference; lastKnownFileType = wrapper.framework; name = UIKit.framework; path = System/Library/Frameworks/UIKit.framework; sourceTree = SDKROOT; };
		7CBD2C21197E4510002F23A5 /* samsungHealth-Info.plist */ = {isa = PBXFileReference; lastKnownFileType = text.plist.xml; path = "samsungHealth-Info.plist"; sourceTree = "<group>"; };
		7CBD2C23197E4510002F23A5 /* en */ = {isa = PBXFileReference; lastKnownFileType = text.plist.strings; name = en; path = en.lproj/InfoPlist.strings; sourceTree = "<group>"; };
		7CBD2C25197E4510002F23A5 /* main.m */ = {isa = PBXFileReference; lastKnownFileType = sourcecode.c.objc; path = main.m; sourceTree = "<group>"; };
		7CBD2C27197E4510002F23A5 /* samsungHealth-Prefix.pch */ = {isa = PBXFileReference; lastKnownFileType = sourcecode.c.h; path = "samsungHealth-Prefix.pch"; sourceTree = "<group>"; };
		7CBD2C28197E4510002F23A5 /* AppDelegate.h */ = {isa = PBXFileReference; lastKnownFileType = sourcecode.c.h; path = AppDelegate.h; sourceTree = "<group>"; };
		7CBD2C29197E4510002F23A5 /* AppDelegate.m */ = {isa = PBXFileReference; lastKnownFileType = sourcecode.c.objc; path = AppDelegate.m; sourceTree = "<group>"; };
		7CBD2C2E197E4510002F23A5 /* ViewController.h */ = {isa = PBXFileReference; lastKnownFileType = sourcecode.c.h; path = ViewController.h; sourceTree = "<group>"; };
		7CBD2C2F197E4510002F23A5 /* ViewController.m */ = {isa = PBXFileReference; lastKnownFileType = sourcecode.c.objc; path = ViewController.m; sourceTree = "<group>"; };
		7CBD2C31197E4510002F23A5 /* Images.xcassets */ = {isa = PBXFileReference; lastKnownFileType = folder.assetcatalog; path = Images.xcassets; sourceTree = "<group>"; };
		7CBD2C37197E4510002F23A5 /* samsungHealthTests.xctest */ = {isa = PBXFileReference; explicitFileType = wrapper.cfbundle; includeInIndex = 0; path = samsungHealthTests.xctest; sourceTree = BUILT_PRODUCTS_DIR; };
		7CBD2C38197E4510002F23A5 /* XCTest.framework */ = {isa = PBXFileReference; lastKnownFileType = wrapper.framework; name = XCTest.framework; path = Library/Frameworks/XCTest.framework; sourceTree = DEVELOPER_DIR; };
		7CBD2C40197E4510002F23A5 /* samsungHealthTests-Info.plist */ = {isa = PBXFileReference; lastKnownFileType = text.plist.xml; path = "samsungHealthTests-Info.plist"; sourceTree = "<group>"; };
		7CBD2C42197E4510002F23A5 /* en */ = {isa = PBXFileReference; lastKnownFileType = text.plist.strings; name = en; path = en.lproj/InfoPlist.strings; sourceTree = "<group>"; };
		7CBD2C44197E4510002F23A5 /* samsungHealthTests.m */ = {isa = PBXFileReference; lastKnownFileType = sourcecode.c.objc; path = samsungHealthTests.m; sourceTree = "<group>"; };
		7CBD2C4E197E4538002F23A5 /* Main.storyboard */ = {isa = PBXFileReference; fileEncoding = 4; lastKnownFileType = file.storyboard; path = Main.storyboard; sourceTree = "<group>"; };
		7CBD2C50197E4642002F23A5 /* UIViewController+REFrostedViewController.m */ = {isa = PBXFileReference; fileEncoding = 4; lastKnownFileType = sourcecode.c.objc; path = "UIViewController+REFrostedViewController.m"; sourceTree = "<group>"; };
		7CBD2C51197E4642002F23A5 /* UIViewController+REFrostedViewController.h */ = {isa = PBXFileReference; fileEncoding = 4; lastKnownFileType = sourcecode.c.h; path = "UIViewController+REFrostedViewController.h"; sourceTree = "<group>"; };
		7CBD2C52197E4642002F23A5 /* UIView+REFrostedViewController.m */ = {isa = PBXFileReference; fileEncoding = 4; lastKnownFileType = sourcecode.c.objc; path = "UIView+REFrostedViewController.m"; sourceTree = "<group>"; };
		7CBD2C53197E4642002F23A5 /* UIView+REFrostedViewController.h */ = {isa = PBXFileReference; fileEncoding = 4; lastKnownFileType = sourcecode.c.h; path = "UIView+REFrostedViewController.h"; sourceTree = "<group>"; };
		7CBD2C54197E4642002F23A5 /* UIImage+REFrostedViewController.m */ = {isa = PBXFileReference; fileEncoding = 4; lastKnownFileType = sourcecode.c.objc; path = "UIImage+REFrostedViewController.m"; sourceTree = "<group>"; };
		7CBD2C55197E4642002F23A5 /* UIImage+REFrostedViewController.h */ = {isa = PBXFileReference; fileEncoding = 4; lastKnownFileType = sourcecode.c.h; path = "UIImage+REFrostedViewController.h"; sourceTree = "<group>"; };
		7CBD2C56197E4642002F23A5 /* TargetViewController.m */ = {isa = PBXFileReference; fileEncoding = 4; lastKnownFileType = sourcecode.c.objc; path = TargetViewController.m; sourceTree = "<group>"; };
		7CBD2C57197E4642002F23A5 /* TargetViewController.h */ = {isa = PBXFileReference; fileEncoding = 4; lastKnownFileType = sourcecode.c.h; path = TargetViewController.h; sourceTree = "<group>"; };
		7CBD2C5C197E4651002F23A5 /* RootViewController.m */ = {isa = PBXFileReference; fileEncoding = 4; lastKnownFileType = sourcecode.c.objc; path = RootViewController.m; sourceTree = "<group>"; };
		7CBD2C5D197E4651002F23A5 /* RootViewController.h */ = {isa = PBXFileReference; fileEncoding = 4; lastKnownFileType = sourcecode.c.h; path = RootViewController.h; sourceTree = "<group>"; };
		7CBD2C5E197E4651002F23A5 /* RewardViewController.m */ = {isa = PBXFileReference; fileEncoding = 4; lastKnownFileType = sourcecode.c.objc; path = RewardViewController.m; sourceTree = "<group>"; };
		7CBD2C5F197E4651002F23A5 /* RewardViewController.h */ = {isa = PBXFileReference; fileEncoding = 4; lastKnownFileType = sourcecode.c.h; path = RewardViewController.h; sourceTree = "<group>"; };
		7CBD2C60197E4651002F23A5 /* REFrostedViewController.m */ = {isa = PBXFileReference; fileEncoding = 4; lastKnownFileType = sourcecode.c.objc; path = REFrostedViewController.m; sourceTree = "<group>"; };
		7CBD2C61197E4651002F23A5 /* REFrostedViewController.h */ = {isa = PBXFileReference; fileEncoding = 4; lastKnownFileType = sourcecode.c.h; path = REFrostedViewController.h; sourceTree = "<group>"; };
		7CBD2C62197E4651002F23A5 /* REFrostedContainerViewController.m */ = {isa = PBXFileReference; fileEncoding = 4; lastKnownFileType = sourcecode.c.objc; path = REFrostedContainerViewController.m; sourceTree = "<group>"; };
		7CBD2C63197E4651002F23A5 /* REFrostedContainerViewController.h */ = {isa = PBXFileReference; fileEncoding = 4; lastKnownFileType = sourcecode.c.h; path = REFrostedContainerViewController.h; sourceTree = "<group>"; };
		7CBD2C64197E4651002F23A5 /* RECommonFunctions.m */ = {isa = PBXFileReference; fileEncoding = 4; lastKnownFileType = sourcecode.c.objc; path = RECommonFunctions.m; sourceTree = "<group>"; };
		7CBD2C65197E4651002F23A5 /* RECommonFunctions.h */ = {isa = PBXFileReference; fileEncoding = 4; lastKnownFileType = sourcecode.c.h; path = RECommonFunctions.h; sourceTree = "<group>"; };
		7CBD2C68197E4651002F23A5 /* NavigationController.m */ = {isa = PBXFileReference; fileEncoding = 4; lastKnownFileType = sourcecode.c.objc; path = NavigationController.m; sourceTree = "<group>"; };
		7CBD2C69197E4651002F23A5 /* NavigationController.h */ = {isa = PBXFileReference; fileEncoding = 4; lastKnownFileType = sourcecode.c.h; path = NavigationController.h; sourceTree = "<group>"; };
		7CBD2C6A197E4651002F23A5 /* MenuViewController.m */ = {isa = PBXFileReference; fileEncoding = 4; lastKnownFileType = sourcecode.c.objc; path = MenuViewController.m; sourceTree = "<group>"; };
		7CBD2C6B197E4651002F23A5 /* MenuViewController.h */ = {isa = PBXFileReference; fileEncoding = 4; lastKnownFileType = sourcecode.c.h; path = MenuViewController.h; sourceTree = "<group>"; };
		7CBD2C77197E4671002F23A5 /* FitbitViewController.m */ = {isa = PBXFileReference; fileEncoding = 4; lastKnownFileType = sourcecode.c.objc; path = FitbitViewController.m; sourceTree = "<group>"; };
		7CBD2C78197E4671002F23A5 /* FitbitViewController.h */ = {isa = PBXFileReference; fileEncoding = 4; lastKnownFileType = sourcecode.c.h; path = FitbitViewController.h; sourceTree = "<group>"; };
		7CBD2C7A197E467D002F23A5 /* DeviceViewController.m */ = {isa = PBXFileReference; fileEncoding = 4; lastKnownFileType = sourcecode.c.objc; path = DeviceViewController.m; sourceTree = "<group>"; };
		7CBD2C7B197E467D002F23A5 /* DeviceViewController.h */ = {isa = PBXFileReference; fileEncoding = 4; lastKnownFileType = sourcecode.c.h; path = DeviceViewController.h; sourceTree = "<group>"; };
		7CBD2C7C197E467D002F23A5 /* DashBoardViewController.m */ = {isa = PBXFileReference; fileEncoding = 4; lastKnownFileType = sourcecode.c.objc; path = DashBoardViewController.m; sourceTree = "<group>"; };
		7CBD2C7D197E467D002F23A5 /* DashBoardViewController.h */ = {isa = PBXFileReference; fileEncoding = 4; lastKnownFileType = sourcecode.c.h; path = DashBoardViewController.h; sourceTree = "<group>"; };
		7CBD2C7E197E467D002F23A5 /* ConnectViewController.m */ = {isa = PBXFileReference; fileEncoding = 4; lastKnownFileType = sourcecode.c.objc; path = ConnectViewController.m; sourceTree = "<group>"; };
		7CBD2C7F197E467D002F23A5 /* ConnectViewController.h */ = {isa = PBXFileReference; fileEncoding = 4; lastKnownFileType = sourcecode.c.h; path = ConnectViewController.h; sourceTree = "<group>"; };
		7CBD2C83197E467D002F23A5 /* AppsDevicesViewController.m */ = {isa = PBXFileReference; fileEncoding = 4; lastKnownFileType = sourcecode.c.objc; path = AppsDevicesViewController.m; sourceTree = "<group>"; };
		7CBD2C84197E467D002F23A5 /* AppsDevicesViewController.h */ = {isa = PBXFileReference; fileEncoding = 4; lastKnownFileType = sourcecode.c.h; path = AppsDevicesViewController.h; sourceTree = "<group>"; };
		7CBD2C8B197E46AF002F23A5 /* Parse.framework */ = {isa = PBXFileReference; lastKnownFileType = wrapper.framework; path = Parse.framework; sourceTree = "<group>"; };
		7CBD2C8D197E4754002F23A5 /* OAuthiOS.framework */ = {isa = PBXFileReference; lastKnownFileType = wrapper.framework; path = OAuthiOS.framework; sourceTree = "<group>"; };
		7CBD2C8F197E47C5002F23A5 /* AudioToolbox.framework */ = {isa = PBXFileReference; lastKnownFileType = wrapper.framework; name = AudioToolbox.framework; path = System/Library/Frameworks/AudioToolbox.framework; sourceTree = SDKROOT; };
		7CBD2C91197E47CF002F23A5 /* CFNetwork.framework */ = {isa = PBXFileReference; lastKnownFileType = wrapper.framework; name = CFNetwork.framework; path = System/Library/Frameworks/CFNetwork.framework; sourceTree = SDKROOT; };
		7CBD2C93197E47D9002F23A5 /* CoreLocation.framework */ = {isa = PBXFileReference; lastKnownFileType = wrapper.framework; name = CoreLocation.framework; path = System/Library/Frameworks/CoreLocation.framework; sourceTree = SDKROOT; };
		7CBD2C95197E47FE002F23A5 /* libz.dylib */ = {isa = PBXFileReference; lastKnownFileType = "compiled.mach-o.dylib"; name = libz.dylib; path = usr/lib/libz.dylib; sourceTree = SDKROOT; };
		7CBD2C97197E4804002F23A5 /* MobileCoreServices.framework */ = {isa = PBXFileReference; lastKnownFileType = wrapper.framework; name = MobileCoreServices.framework; path = System/Library/Frameworks/MobileCoreServices.framework; sourceTree = SDKROOT; };
		7CBD2C99197E480B002F23A5 /* QuartzCore.framework */ = {isa = PBXFileReference; lastKnownFileType = wrapper.framework; name = QuartzCore.framework; path = System/Library/Frameworks/QuartzCore.framework; sourceTree = SDKROOT; };
		7CBD2C9B197E4813002F23A5 /* Security.framework */ = {isa = PBXFileReference; lastKnownFileType = wrapper.framework; name = Security.framework; path = System/Library/Frameworks/Security.framework; sourceTree = SDKROOT; };
		7CBD2C9D197E481F002F23A5 /* StoreKit.framework */ = {isa = PBXFileReference; lastKnownFileType = wrapper.framework; name = StoreKit.framework; path = System/Library/Frameworks/StoreKit.framework; sourceTree = SDKROOT; };
		7CBD2C9F197E482C002F23A5 /* SystemConfiguration.framework */ = {isa = PBXFileReference; lastKnownFileType = wrapper.framework; name = SystemConfiguration.framework; path = System/Library/Frameworks/SystemConfiguration.framework; sourceTree = SDKROOT; };
		7CBD2CA2197EF612002F23A5 /* DACircularProgressView.h */ = {isa = PBXFileReference; fileEncoding = 4; lastKnownFileType = sourcecode.c.h; path = DACircularProgressView.h; sourceTree = "<group>"; };
		7CBD2CA3197EF612002F23A5 /* DACircularProgressView.m */ = {isa = PBXFileReference; fileEncoding = 4; lastKnownFileType = sourcecode.c.objc; path = DACircularProgressView.m; sourceTree = "<group>"; };
		7CE78A8E198C5AE2002ED7E5 /* HealthData.h */ = {isa = PBXFileReference; fileEncoding = 4; lastKnownFileType = sourcecode.c.h; path = HealthData.h; sourceTree = "<group>"; };
		7CE78A8F198C5AE2002ED7E5 /* HealthData.m */ = {isa = PBXFileReference; fileEncoding = 4; lastKnownFileType = sourcecode.c.objc; path = HealthData.m; sourceTree = "<group>"; };
		7CE78A91198C8366002ED7E5 /* DashTableViewCell.h */ = {isa = PBXFileReference; fileEncoding = 4; lastKnownFileType = sourcecode.c.h; path = DashTableViewCell.h; sourceTree = "<group>"; };
		7CE78A92198C8366002ED7E5 /* DashTableViewCell.m */ = {isa = PBXFileReference; fileEncoding = 4; lastKnownFileType = sourcecode.c.objc; path = DashTableViewCell.m; sourceTree = "<group>"; };
		7CE78A94198CA42C002ED7E5 /* ImproveTableViewCell.h */ = {isa = PBXFileReference; fileEncoding = 4; lastKnownFileType = sourcecode.c.h; path = ImproveTableViewCell.h; sourceTree = "<group>"; };
		7CE78A95198CA42C002ED7E5 /* ImproveTableViewCell.m */ = {isa = PBXFileReference; fileEncoding = 4; lastKnownFileType = sourcecode.c.objc; path = ImproveTableViewCell.m; sourceTree = "<group>"; };
		7CE78A97198CA459002ED7E5 /* ImproveTableViewController.h */ = {isa = PBXFileReference; fileEncoding = 4; lastKnownFileType = sourcecode.c.h; path = ImproveTableViewController.h; sourceTree = "<group>"; };
		7CE78A98198CA459002ED7E5 /* ImproveTableViewController.m */ = {isa = PBXFileReference; fileEncoding = 4; lastKnownFileType = sourcecode.c.objc; path = ImproveTableViewController.m; sourceTree = "<group>"; };
		7CE78A9A198D5F36002ED7E5 /* ProfileTableViewCell.h */ = {isa = PBXFileReference; fileEncoding = 4; lastKnownFileType = sourcecode.c.h; path = ProfileTableViewCell.h; sourceTree = "<group>"; };
		7CE78A9B198D5F36002ED7E5 /* ProfileTableViewCell.m */ = {isa = PBXFileReference; fileEncoding = 4; lastKnownFileType = sourcecode.c.objc; path = ProfileTableViewCell.m; sourceTree = "<group>"; };
		7CE78A9D198D8AC0002ED7E5 /* FriendTableViewCell.h */ = {isa = PBXFileReference; fileEncoding = 4; lastKnownFileType = sourcecode.c.h; path = FriendTableViewCell.h; sourceTree = "<group>"; };
		7CE78A9E198D8AC0002ED7E5 /* FriendTableViewCell.m */ = {isa = PBXFileReference; fileEncoding = 4; lastKnownFileType = sourcecode.c.objc; path = FriendTableViewCell.m; sourceTree = "<group>"; };
		BB93A1F919914FE100AA1CED /* RedeemViewController.h */ = {isa = PBXFileReference; fileEncoding = 4; lastKnownFileType = sourcecode.c.h; path = RedeemViewController.h; sourceTree = "<group>"; };
		BB93A1FA19914FE100AA1CED /* RedeemViewController.m */ = {isa = PBXFileReference; fileEncoding = 4; lastKnownFileType = sourcecode.c.objc; path = RedeemViewController.m; sourceTree = "<group>"; };
		BBC1B2CC198721E600DDEC78 /* FriendListController.h */ = {isa = PBXFileReference; fileEncoding = 4; lastKnownFileType = sourcecode.c.h; path = FriendListController.h; sourceTree = "<group>"; };
		BBC1B2CD198721E600DDEC78 /* FriendListController.m */ = {isa = PBXFileReference; fileEncoding = 4; lastKnownFileType = sourcecode.c.objc; path = FriendListController.m; sourceTree = "<group>"; };
/* End PBXFileReference section */

/* Begin PBXFrameworksBuildPhase section */
		7CBD2C13197E4510002F23A5 /* Frameworks */ = {
			isa = PBXFrameworksBuildPhase;
			buildActionMask = 2147483647;
			files = (
				0B3758541989D90E004A9EB9 /* Accounts.framework in Frameworks */,
				0B3758521989D8FC004A9EB9 /* Social.framework in Frameworks */,
				0BE385E7197E4AA2002D27B4 /* OAuthiOS.framework in Frameworks */,
				7CBD2CA0197E482C002F23A5 /* SystemConfiguration.framework in Frameworks */,
				7CBD2C9E197E481F002F23A5 /* StoreKit.framework in Frameworks */,
				7CBD2C9C197E4813002F23A5 /* Security.framework in Frameworks */,
				7CBD2C9A197E480B002F23A5 /* QuartzCore.framework in Frameworks */,
				7CBD2C98197E4804002F23A5 /* MobileCoreServices.framework in Frameworks */,
				7CBD2C96197E47FE002F23A5 /* libz.dylib in Frameworks */,
				7CBD2C94197E47D9002F23A5 /* CoreLocation.framework in Frameworks */,
				7CBD2C92197E47CF002F23A5 /* CFNetwork.framework in Frameworks */,
				7CBD2C90197E47C5002F23A5 /* AudioToolbox.framework in Frameworks */,
				7CBD2C1C197E4510002F23A5 /* CoreGraphics.framework in Frameworks */,
				0B3758501989D5D0004A9EB9 /* FacebookSDK.framework in Frameworks */,
				7CBD2C1E197E4510002F23A5 /* UIKit.framework in Frameworks */,
				7CBD2C8C197E46AF002F23A5 /* Parse.framework in Frameworks */,
				7CBD2C1A197E4510002F23A5 /* Foundation.framework in Frameworks */,
			);
			runOnlyForDeploymentPostprocessing = 0;
		};
		7CBD2C34197E4510002F23A5 /* Frameworks */ = {
			isa = PBXFrameworksBuildPhase;
			buildActionMask = 2147483647;
			files = (
				7CBD2C39197E4510002F23A5 /* XCTest.framework in Frameworks */,
				7CBD2C3B197E4510002F23A5 /* UIKit.framework in Frameworks */,
				7CBD2C3A197E4510002F23A5 /* Foundation.framework in Frameworks */,
			);
			runOnlyForDeploymentPostprocessing = 0;
		};
/* End PBXFrameworksBuildPhase section */

/* Begin PBXGroup section */
		0B0A240319957B620086309E /* NavigationMenuView */ = {
			isa = PBXGroup;
			children = (
				0B0A240419957B620086309E /* images */,
				0B0A240919957B620086309E /* SICellSelection.h */,
				0B0A240A19957B620086309E /* SICellSelection.m */,
				0B0A240B19957B620086309E /* SIMenuButton.h */,
				0B0A240C19957B620086309E /* SIMenuButton.m */,
				0B0A240D19957B620086309E /* SIMenuCell.h */,
				0B0A240E19957B620086309E /* SIMenuCell.m */,
				0B0A240F19957B620086309E /* SIMenuConfiguration.h */,
				0B0A241019957B620086309E /* SIMenuConfiguration.m */,
				0B0A241119957B620086309E /* SIMenuTable.h */,
				0B0A241219957B620086309E /* SIMenuTable.m */,
				0B0A241319957B620086309E /* SINavigationMenuView.h */,
				0B0A241419957B620086309E /* SINavigationMenuView.m */,
				0B0A241519957B620086309E /* UIColor+Extension.h */,
				0B0A241619957B620086309E /* UIColor+Extension.m */,
			);
			path = NavigationMenuView;
			sourceTree = "<group>";
		};
		0B0A240419957B620086309E /* images */ = {
			isa = PBXGroup;
			children = (
				0B0A240519957B620086309E /* arrow_down.png */,
				0B0A240619957B620086309E /* arrow_down1.png */,
				0B0A240719957B620086309E /* arrow_down1@2x.png */,
				0B0A240819957B620086309E /* arrow_down@2x.png */,
			);
			path = images;
			sourceTree = "<group>";
		};
		7C79580419871C5D008FB679 /* RFViewController */ = {
			isa = PBXGroup;
			children = (
				7CBD2C51197E4642002F23A5 /* UIViewController+REFrostedViewController.h */,
				7CBD2C50197E4642002F23A5 /* UIViewController+REFrostedViewController.m */,
				7CBD2C53197E4642002F23A5 /* UIView+REFrostedViewController.h */,
				7CBD2C52197E4642002F23A5 /* UIView+REFrostedViewController.m */,
				7CBD2C55197E4642002F23A5 /* UIImage+REFrostedViewController.h */,
				7CBD2C54197E4642002F23A5 /* UIImage+REFrostedViewController.m */,
				7CBD2C61197E4651002F23A5 /* REFrostedViewController.h */,
				7CBD2C60197E4651002F23A5 /* REFrostedViewController.m */,
				7CBD2C63197E4651002F23A5 /* REFrostedContainerViewController.h */,
				7CBD2C62197E4651002F23A5 /* REFrostedContainerViewController.m */,
				7CBD2C65197E4651002F23A5 /* RECommonFunctions.h */,
				7CBD2C64197E4651002F23A5 /* RECommonFunctions.m */,
			);
			name = RFViewController;
			sourceTree = "<group>";
		};
		7C79580519872552008FB679 /* DashBoard */ = {
			isa = PBXGroup;
			children = (
				7CBD2C7D197E467D002F23A5 /* DashBoardViewController.h */,
				7CBD2C7C197E467D002F23A5 /* DashBoardViewController.m */,
				7C89F8A91989C22F00F021EF /* DetailViewController.h */,
				7C89F8AA1989C22F00F021EF /* DetailViewController.m */,
				7CE78A91198C8366002ED7E5 /* DashTableViewCell.h */,
				7CE78A92198C8366002ED7E5 /* DashTableViewCell.m */,
				7CE78A94198CA42C002ED7E5 /* ImproveTableViewCell.h */,
				7CE78A95198CA42C002ED7E5 /* ImproveTableViewCell.m */,
				7CE78A97198CA459002ED7E5 /* ImproveTableViewController.h */,
				7CE78A98198CA459002ED7E5 /* ImproveTableViewController.m */,
			);
			name = DashBoard;
			sourceTree = "<group>";
		};
		7C79580719872581008FB679 /* Goal */ = {
			isa = PBXGroup;
			children = (
				0B3758551989DE08004A9EB9 /* GoalTableCell.h */,
				0B3758561989DE08004A9EB9 /* GoalTableCell.m */,
				7CBD2C57197E4642002F23A5 /* TargetViewController.h */,
				7CBD2C56197E4642002F23A5 /* TargetViewController.m */,
				7C89F8AF1989CB4A00F021EF /* TargetViewDetailController.h */,
				7C89F8B01989CB4A00F021EF /* TargetViewDetailController.m */,
				7C89F8B21989CD9900F021EF /* CompeteViewController.h */,
				7C89F8B31989CD9900F021EF /* CompeteViewController.m */,
			);
			name = Goal;
			sourceTree = "<group>";
		};
		7C79580819872593008FB679 /* Profile */ = {
			isa = PBXGroup;
			children = (
				7C89F8B51989F01600F021EF /* ProfileViewController.h */,
				7C89F8B61989F01600F021EF /* ProfileViewController.m */,
				7CE78A9A198D5F36002ED7E5 /* ProfileTableViewCell.h */,
				7CE78A9B198D5F36002ED7E5 /* ProfileTableViewCell.m */,
			);
			name = Profile;
			sourceTree = "<group>";
		};
		7C795809198725C7008FB679 /* ManageDevice */ = {
			isa = PBXGroup;
			children = (
				7C89F8921989A99E00F021EF /* AppAndDevice */,
				7CBD2C7B197E467D002F23A5 /* DeviceViewController.h */,
				7CBD2C7A197E467D002F23A5 /* DeviceViewController.m */,
			);
			name = ManageDevice;
			sourceTree = "<group>";
		};
		7C79580A198725E3008FB679 /* Reward */ = {
			isa = PBXGroup;
			children = (
				7CBD2C5F197E4651002F23A5 /* RewardViewController.h */,
				7CBD2C5E197E4651002F23A5 /* RewardViewController.m */,
				BB93A1F919914FE100AA1CED /* RedeemViewController.h */,
				BB93A1FA19914FE100AA1CED /* RedeemViewController.m */,
				3BD61A07199715CD00F2A528 /* CouponDetailCell.h */,
				3BD61A08199715CD00F2A528 /* CouponDetailCell.m */,
				3BE7C18B1999B46100FB30AE /* CouponListViewController.h */,
				3BE7C18C1999B46100FB30AE /* CouponListViewController.m */,
			);
			name = Reward;
			sourceTree = "<group>";
		};
		7C89F8921989A99E00F021EF /* AppAndDevice */ = {
			isa = PBXGroup;
			children = (
				7CBD2C84197E467D002F23A5 /* AppsDevicesViewController.h */,
				7CBD2C83197E467D002F23A5 /* AppsDevicesViewController.m */,
				7C89F8931989A9F100F021EF /* AppDeviceTableViewCell.h */,
				7C89F8941989A9F100F021EF /* AppDeviceTableViewCell.m */,
				7CBD2C78197E4671002F23A5 /* FitbitViewController.h */,
				7CBD2C77197E4671002F23A5 /* FitbitViewController.m */,
			);
			name = AppAndDevice;
			sourceTree = "<group>";
		};
		7C89F8961989C1B800F021EF /* PNChart */ = {
			isa = PBXGroup;
			children = (
				7C89F8971989C1B800F021EF /* PNBar.h */,
				7C89F8981989C1B800F021EF /* PNBar.m */,
				7C89F8991989C1B800F021EF /* PNBarChart.h */,
				7C89F89A1989C1B800F021EF /* PNBarChart.m */,
				7C89F89B1989C1B800F021EF /* PNChart.h */,
				7C89F89C1989C1B800F021EF /* PNChart.m */,
				7C89F89D1989C1B800F021EF /* PNChartLabel.h */,
				7C89F89E1989C1B800F021EF /* PNChartLabel.m */,
				7C89F89F1989C1B800F021EF /* PNColor.h */,
				7C89F8A01989C1B800F021EF /* PNColor.m */,
				7C89F8A11989C1B800F021EF /* PNLineChart.h */,
				7C89F8A21989C1B800F021EF /* PNLineChart.m */,
			);
			path = PNChart;
			sourceTree = "<group>";
		};
		7CBD2C0D197E4510002F23A5 = {
			isa = PBXGroup;
			children = (
				7CBD2C1F197E4510002F23A5 /* samsungHealth */,
				7CBD2C3E197E4510002F23A5 /* samsungHealthTests */,
				7CBD2C18197E4510002F23A5 /* Frameworks */,
				7CBD2C17197E4510002F23A5 /* Products */,
			);
			sourceTree = "<group>";
		};
		7CBD2C17197E4510002F23A5 /* Products */ = {
			isa = PBXGroup;
			children = (
				7CBD2C16197E4510002F23A5 /* samsungHealth.app */,
				7CBD2C37197E4510002F23A5 /* samsungHealthTests.xctest */,
			);
			name = Products;
			sourceTree = "<group>";
		};
		7CBD2C18197E4510002F23A5 /* Frameworks */ = {
			isa = PBXGroup;
			children = (
				0B3758531989D90E004A9EB9 /* Accounts.framework */,
				0B3758511989D8FC004A9EB9 /* Social.framework */,
				0B37584F1989D5D0004A9EB9 /* FacebookSDK.framework */,
				7CBD2C9F197E482C002F23A5 /* SystemConfiguration.framework */,
				7CBD2C9D197E481F002F23A5 /* StoreKit.framework */,
				7CBD2C9B197E4813002F23A5 /* Security.framework */,
				7CBD2C99197E480B002F23A5 /* QuartzCore.framework */,
				7CBD2C97197E4804002F23A5 /* MobileCoreServices.framework */,
				7CBD2C95197E47FE002F23A5 /* libz.dylib */,
				7CBD2C93197E47D9002F23A5 /* CoreLocation.framework */,
				7CBD2C91197E47CF002F23A5 /* CFNetwork.framework */,
				7CBD2C8F197E47C5002F23A5 /* AudioToolbox.framework */,
				7CBD2C8D197E4754002F23A5 /* OAuthiOS.framework */,
				7CBD2C8B197E46AF002F23A5 /* Parse.framework */,
				7CBD2C19197E4510002F23A5 /* Foundation.framework */,
				7CBD2C1B197E4510002F23A5 /* CoreGraphics.framework */,
				7CBD2C1D197E4510002F23A5 /* UIKit.framework */,
				7CBD2C38197E4510002F23A5 /* XCTest.framework */,
			);
			name = Frameworks;
			sourceTree = "<group>";
		};
		7CBD2C1F197E4510002F23A5 /* samsungHealth */ = {
			isa = PBXGroup;
			children = (
				0B0A240319957B620086309E /* NavigationMenuView */,
				7CE78A8D198C5A84002ED7E5 /* Data */,
				7C89F8961989C1B800F021EF /* PNChart */,
				7C79580A198725E3008FB679 /* Reward */,
				7C795809198725C7008FB679 /* ManageDevice */,
				7C79580819872593008FB679 /* Profile */,
				7C79580719872581008FB679 /* Goal */,
				7C79580519872552008FB679 /* DashBoard */,
				BBC1B2CF1987228800DDEC78 /* Connect */,
				7C79580419871C5D008FB679 /* RFViewController */,
				7CBD2CA1197EF600002F23A5 /* CircularController */,
				7CBD2C5D197E4651002F23A5 /* RootViewController.h */,
				7CBD2C5C197E4651002F23A5 /* RootViewController.m */,
				7CBD2C69197E4651002F23A5 /* NavigationController.h */,
				7CBD2C68197E4651002F23A5 /* NavigationController.m */,
				7CBD2C6B197E4651002F23A5 /* MenuViewController.h */,
				7CBD2C6A197E4651002F23A5 /* MenuViewController.m */,
				7CBD2C28197E4510002F23A5 /* AppDelegate.h */,
				7CBD2C29197E4510002F23A5 /* AppDelegate.m */,
				7CBD2C2E197E4510002F23A5 /* ViewController.h */,
				7CBD2C2F197E4510002F23A5 /* ViewController.m */,
				7C89F8B8198AFDB400F021EF /* LaunchViewController.h */,
				7C89F8B9198AFDB400F021EF /* LaunchViewController.m */,
				7CBD2C4E197E4538002F23A5 /* Main.storyboard */,
				7CBD2C31197E4510002F23A5 /* Images.xcassets */,
				7CBD2C20197E4510002F23A5 /* Supporting Files */,
			);
			path = samsungHealth;
			sourceTree = "<group>";
		};
		7CBD2C20197E4510002F23A5 /* Supporting Files */ = {
			isa = PBXGroup;
			children = (
				7CBD2C21197E4510002F23A5 /* samsungHealth-Info.plist */,
				7CBD2C22197E4510002F23A5 /* InfoPlist.strings */,
				7CBD2C25197E4510002F23A5 /* main.m */,
				7CBD2C27197E4510002F23A5 /* samsungHealth-Prefix.pch */,
			);
			name = "Supporting Files";
			sourceTree = "<group>";
		};
		7CBD2C3E197E4510002F23A5 /* samsungHealthTests */ = {
			isa = PBXGroup;
			children = (
				7CBD2C44197E4510002F23A5 /* samsungHealthTests.m */,
				7CBD2C3F197E4510002F23A5 /* Supporting Files */,
			);
			path = samsungHealthTests;
			sourceTree = "<group>";
		};
		7CBD2C3F197E4510002F23A5 /* Supporting Files */ = {
			isa = PBXGroup;
			children = (
				7CBD2C40197E4510002F23A5 /* samsungHealthTests-Info.plist */,
				7CBD2C41197E4510002F23A5 /* InfoPlist.strings */,
			);
			name = "Supporting Files";
			sourceTree = "<group>";
		};
		7CBD2CA1197EF600002F23A5 /* CircularController */ = {
			isa = PBXGroup;
			children = (
				7CBD2CA2197EF612002F23A5 /* DACircularProgressView.h */,
				7CBD2CA3197EF612002F23A5 /* DACircularProgressView.m */,
			);
			name = CircularController;
			sourceTree = "<group>";
		};
		7CE78A8D198C5A84002ED7E5 /* Data */ = {
			isa = PBXGroup;
			children = (
				7CE78A8E198C5AE2002ED7E5 /* HealthData.h */,
				7CE78A8F198C5AE2002ED7E5 /* HealthData.m */,
				0BA87090198C5BA900236EBD /* UserData.h */,
				0BA87091198C5BA900236EBD /* UserData.m */,
				7CA1D86E199024720066CE40 /* Time.h */,
				7CA1D86F199024720066CE40 /* Time.m */,
				7C1A6CA019956E2500E307DA /* Goal.h */,
				7C1A6CA119956E2500E307DA /* Goal.m */,
				0B0A24221995E2990086309E /* Group.h */,
				0B0A24231995E2990086309E /* Group.m */,
				0B0A24251995E3280086309E /* Reward.h */,
				0B0A24261995E3280086309E /* Reward.m */,
				0B0A242B1995E42E0086309E /* News.h */,
				0B0A242C1995E42E0086309E /* News.m */,
			);
			name = Data;
			sourceTree = "<group>";
		};
		BBC1B2CF1987228800DDEC78 /* Connect */ = {
			isa = PBXGroup;
			children = (
				7CBD2C7F197E467D002F23A5 /* ConnectViewController.h */,
				7CBD2C7E197E467D002F23A5 /* ConnectViewController.m */,
				BBC1B2CC198721E600DDEC78 /* FriendListController.h */,
				BBC1B2CD198721E600DDEC78 /* FriendListController.m */,
				7CE78A9D198D8AC0002ED7E5 /* FriendTableViewCell.h */,
				7CE78A9E198D8AC0002ED7E5 /* FriendTableViewCell.m */,
				0B0A240019957AAB0086309E /* NewsFeedViewController.h */,
				0B0A240119957AAB0086309E /* NewsFeedViewController.m */,
				3BD61A0119969E6600F2A528 /* Members.h */,
				3BD61A0219969E6600F2A528 /* Members.m */,
				3BD61A041996ED8800F2A528 /* CreateGroup.h */,
				3BD61A051996ED8800F2A528 /* CreateGroup.m */,
			);
			name = Connect;
			sourceTree = "<group>";
		};
/* End PBXGroup section */

/* Begin PBXNativeTarget section */
		7CBD2C15197E4510002F23A5 /* samsungHealth */ = {
			isa = PBXNativeTarget;
			buildConfigurationList = 7CBD2C48197E4510002F23A5 /* Build configuration list for PBXNativeTarget "samsungHealth" */;
			buildPhases = (
				7CBD2C12197E4510002F23A5 /* Sources */,
				7CBD2C13197E4510002F23A5 /* Frameworks */,
				7CBD2C14197E4510002F23A5 /* Resources */,
			);
			buildRules = (
			);
			dependencies = (
			);
			name = samsungHealth;
			productName = samsungHealth;
			productReference = 7CBD2C16197E4510002F23A5 /* samsungHealth.app */;
			productType = "com.apple.product-type.application";
		};
		7CBD2C36197E4510002F23A5 /* samsungHealthTests */ = {
			isa = PBXNativeTarget;
			buildConfigurationList = 7CBD2C4B197E4510002F23A5 /* Build configuration list for PBXNativeTarget "samsungHealthTests" */;
			buildPhases = (
				7CBD2C33197E4510002F23A5 /* Sources */,
				7CBD2C34197E4510002F23A5 /* Frameworks */,
				7CBD2C35197E4510002F23A5 /* Resources */,
			);
			buildRules = (
			);
			dependencies = (
				7CBD2C3D197E4510002F23A5 /* PBXTargetDependency */,
			);
			name = samsungHealthTests;
			productName = samsungHealthTests;
			productReference = 7CBD2C37197E4510002F23A5 /* samsungHealthTests.xctest */;
			productType = "com.apple.product-type.bundle.unit-test";
		};
/* End PBXNativeTarget section */

/* Begin PBXProject section */
		7CBD2C0E197E4510002F23A5 /* Project object */ = {
			isa = PBXProject;
			attributes = {
				LastUpgradeCheck = 0510;
				ORGANIZATIONNAME = "Hao Ge";
				TargetAttributes = {
					7CBD2C36197E4510002F23A5 = {
						TestTargetID = 7CBD2C15197E4510002F23A5;
					};
				};
			};
			buildConfigurationList = 7CBD2C11197E4510002F23A5 /* Build configuration list for PBXProject "samsungHealth" */;
			compatibilityVersion = "Xcode 3.2";
			developmentRegion = English;
			hasScannedForEncodings = 0;
			knownRegions = (
				en,
				Base,
			);
			mainGroup = 7CBD2C0D197E4510002F23A5;
			productRefGroup = 7CBD2C17197E4510002F23A5 /* Products */;
			projectDirPath = "";
			projectRoot = "";
			targets = (
				7CBD2C15197E4510002F23A5 /* samsungHealth */,
				7CBD2C36197E4510002F23A5 /* samsungHealthTests */,
			);
		};
/* End PBXProject section */

/* Begin PBXResourcesBuildPhase section */
		7CBD2C14197E4510002F23A5 /* Resources */ = {
			isa = PBXResourcesBuildPhase;
			buildActionMask = 2147483647;
			files = (
				0B0A241919957B620086309E /* arrow_down1@2x.png in Resources */,
				0B0A241A19957B620086309E /* arrow_down@2x.png in Resources */,
				0B0A241819957B620086309E /* arrow_down1.png in Resources */,
				7CBD2C32197E4510002F23A5 /* Images.xcassets in Resources */,
				7CBD2C24197E4510002F23A5 /* InfoPlist.strings in Resources */,
				7CBD2C4F197E4538002F23A5 /* Main.storyboard in Resources */,
				0B0A241719957B620086309E /* arrow_down.png in Resources */,
			);
			runOnlyForDeploymentPostprocessing = 0;
		};
		7CBD2C35197E4510002F23A5 /* Resources */ = {
			isa = PBXResourcesBuildPhase;
			buildActionMask = 2147483647;
			files = (
				7CBD2C43197E4510002F23A5 /* InfoPlist.strings in Resources */,
			);
			runOnlyForDeploymentPostprocessing = 0;
		};
/* End PBXResourcesBuildPhase section */

/* Begin PBXSourcesBuildPhase section */
		7CBD2C12197E4510002F23A5 /* Sources */ = {
			isa = PBXSourcesBuildPhase;
			buildActionMask = 2147483647;
			files = (
				3BE7C18D1999B46100FB30AE /* CouponListViewController.m in Sources */,
				7CE78A99198CA459002ED7E5 /* ImproveTableViewController.m in Sources */,
				0BA87092198C5BA900236EBD /* UserData.m in Sources */,
				7C89F8A31989C1B800F021EF /* PNBar.m in Sources */,
				0B0A241F19957B620086309E /* SIMenuTable.m in Sources */,
				0B0A242119957B620086309E /* UIColor+Extension.m in Sources */,
				7C89F8B41989CD9900F021EF /* CompeteViewController.m in Sources */,
				BBC1B2CE198721E600DDEC78 /* FriendListController.m in Sources */,
				0B3758571989DE08004A9EB9 /* GoalTableCell.m in Sources */,
				0B0A241C19957B620086309E /* SIMenuButton.m in Sources */,
				7CBD2C30197E4510002F23A5 /* ViewController.m in Sources */,
				7C89F8B71989F01600F021EF /* ProfileViewController.m in Sources */,
				0B0A241E19957B620086309E /* SIMenuConfiguration.m in Sources */,
				7CBD2C5B197E4642002F23A5 /* TargetViewController.m in Sources */,
				BB93A1FB19914FE100AA1CED /* RedeemViewController.m in Sources */,
				7CBD2C6C197E4651002F23A5 /* RootViewController.m in Sources */,
				7C89F8A71989C1B800F021EF /* PNColor.m in Sources */,
				7CBD2C6F197E4651002F23A5 /* REFrostedContainerViewController.m in Sources */,
				7CE78A90198C5AE2002ED7E5 /* HealthData.m in Sources */,
				0B0A242019957B620086309E /* SINavigationMenuView.m in Sources */,
				3BD61A0319969E6600F2A528 /* Members.m in Sources */,
				7CE78A9F198D8AC0002ED7E5 /* FriendTableViewCell.m in Sources */,
				7CBD2C8A197E467D002F23A5 /* AppsDevicesViewController.m in Sources */,
				7C89F8BA198AFDB400F021EF /* LaunchViewController.m in Sources */,
				0B0A24241995E2990086309E /* Group.m in Sources */,
				0B0A241B19957B620086309E /* SICellSelection.m in Sources */,
				0B0A24271995E3280086309E /* Reward.m in Sources */,
				7CBD2C73197E4651002F23A5 /* MenuViewController.m in Sources */,
				0B0A241D19957B620086309E /* SIMenuCell.m in Sources */,
				3BD61A09199715CD00F2A528 /* CouponDetailCell.m in Sources */,
				7C89F8AB1989C22F00F021EF /* DetailViewController.m in Sources */,
				7CBD2C5A197E4642002F23A5 /* UIImage+REFrostedViewController.m in Sources */,
				7CBD2C2A197E4510002F23A5 /* AppDelegate.m in Sources */,
				7C89F8A51989C1B800F021EF /* PNChart.m in Sources */,
				7CBD2C6D197E4651002F23A5 /* RewardViewController.m in Sources */,
				7CBD2C70197E4651002F23A5 /* RECommonFunctions.m in Sources */,
				7C1A6CA219956E2500E307DA /* Goal.m in Sources */,
				7CBD2C85197E467D002F23A5 /* DeviceViewController.m in Sources */,
				3B1CD2071989D75400282886 /* (null) in Sources */,
				7C89F8B11989CB4A00F021EF /* TargetViewDetailController.m in Sources */,
				7CBD2C87197E467D002F23A5 /* ConnectViewController.m in Sources */,
				7CBD2C86197E467D002F23A5 /* DashBoardViewController.m in Sources */,
				7C89F8951989A9F100F021EF /* AppDeviceTableViewCell.m in Sources */,
				0B0A240219957AAB0086309E /* NewsFeedViewController.m in Sources */,
				7CE78A96198CA42C002ED7E5 /* ImproveTableViewCell.m in Sources */,
				7CBD2C59197E4642002F23A5 /* UIView+REFrostedViewController.m in Sources */,
				7C89F8A81989C1B800F021EF /* PNLineChart.m in Sources */,
				7CE78A93198C8366002ED7E5 /* DashTableViewCell.m in Sources */,
				7CBD2C58197E4642002F23A5 /* UIViewController+REFrostedViewController.m in Sources */,
				7C89F8A61989C1B800F021EF /* PNChartLabel.m in Sources */,
				7C89F8A41989C1B800F021EF /* PNBarChart.m in Sources */,
				7CA1D870199024720066CE40 /* Time.m in Sources */,
				0B0A242D1995E42E0086309E /* News.m in Sources */,
				7CBD2CA4197EF612002F23A5 /* DACircularProgressView.m in Sources */,
				7CE78A9C198D5F36002ED7E5 /* ProfileTableViewCell.m in Sources */,
				3BD61A061996ED8800F2A528 /* CreateGroup.m in Sources */,
				7CBD2C26197E4510002F23A5 /* main.m in Sources */,
				7CBD2C79197E4671002F23A5 /* FitbitViewController.m in Sources */,
				7CBD2C6E197E4651002F23A5 /* REFrostedViewController.m in Sources */,
				7CBD2C72197E4651002F23A5 /* NavigationController.m in Sources */,
			);
			runOnlyForDeploymentPostprocessing = 0;
		};
		7CBD2C33197E4510002F23A5 /* Sources */ = {
			isa = PBXSourcesBuildPhase;
			buildActionMask = 2147483647;
			files = (
				7CBD2C45197E4510002F23A5 /* samsungHealthTests.m in Sources */,
			);
			runOnlyForDeploymentPostprocessing = 0;
		};
/* End PBXSourcesBuildPhase section */

/* Begin PBXTargetDependency section */
		7CBD2C3D197E4510002F23A5 /* PBXTargetDependency */ = {
			isa = PBXTargetDependency;
			target = 7CBD2C15197E4510002F23A5 /* samsungHealth */;
			targetProxy = 7CBD2C3C197E4510002F23A5 /* PBXContainerItemProxy */;
		};
/* End PBXTargetDependency section */

/* Begin PBXVariantGroup section */
		7CBD2C22197E4510002F23A5 /* InfoPlist.strings */ = {
			isa = PBXVariantGroup;
			children = (
				7CBD2C23197E4510002F23A5 /* en */,
			);
			name = InfoPlist.strings;
			sourceTree = "<group>";
		};
		7CBD2C41197E4510002F23A5 /* InfoPlist.strings */ = {
			isa = PBXVariantGroup;
			children = (
				7CBD2C42197E4510002F23A5 /* en */,
			);
			name = InfoPlist.strings;
			sourceTree = "<group>";
		};
/* End PBXVariantGroup section */

/* Begin XCBuildConfiguration section */
		7CBD2C46197E4510002F23A5 /* Debug */ = {
			isa = XCBuildConfiguration;
			buildSettings = {
				ALWAYS_SEARCH_USER_PATHS = NO;
				CLANG_CXX_LANGUAGE_STANDARD = "gnu++0x";
				CLANG_CXX_LIBRARY = "libc++";
				CLANG_ENABLE_MODULES = YES;
				CLANG_ENABLE_OBJC_ARC = YES;
				CLANG_WARN_BOOL_CONVERSION = YES;
				CLANG_WARN_CONSTANT_CONVERSION = YES;
				CLANG_WARN_DIRECT_OBJC_ISA_USAGE = YES_ERROR;
				CLANG_WARN_EMPTY_BODY = YES;
				CLANG_WARN_ENUM_CONVERSION = YES;
				CLANG_WARN_INT_CONVERSION = YES;
				CLANG_WARN_OBJC_ROOT_CLASS = YES_ERROR;
				CLANG_WARN__DUPLICATE_METHOD_MATCH = YES;
				"CODE_SIGN_IDENTITY[sdk=iphoneos*]" = "iPhone Developer";
				COPY_PHASE_STRIP = NO;
				GCC_C_LANGUAGE_STANDARD = gnu99;
				GCC_DYNAMIC_NO_PIC = NO;
				GCC_OPTIMIZATION_LEVEL = 0;
				GCC_PREPROCESSOR_DEFINITIONS = (
					"DEBUG=1",
					"$(inherited)",
				);
				GCC_SYMBOLS_PRIVATE_EXTERN = NO;
				GCC_WARN_64_TO_32_BIT_CONVERSION = YES;
				GCC_WARN_ABOUT_RETURN_TYPE = YES_ERROR;
				GCC_WARN_UNDECLARED_SELECTOR = YES;
				GCC_WARN_UNINITIALIZED_AUTOS = YES_AGGRESSIVE;
				GCC_WARN_UNUSED_FUNCTION = YES;
				GCC_WARN_UNUSED_VARIABLE = YES;
				IPHONEOS_DEPLOYMENT_TARGET = 7.1;
				ONLY_ACTIVE_ARCH = YES;
				SDKROOT = iphoneos;
			};
			name = Debug;
		};
		7CBD2C47197E4510002F23A5 /* Release */ = {
			isa = XCBuildConfiguration;
			buildSettings = {
				ALWAYS_SEARCH_USER_PATHS = NO;
				CLANG_CXX_LANGUAGE_STANDARD = "gnu++0x";
				CLANG_CXX_LIBRARY = "libc++";
				CLANG_ENABLE_MODULES = YES;
				CLANG_ENABLE_OBJC_ARC = YES;
				CLANG_WARN_BOOL_CONVERSION = YES;
				CLANG_WARN_CONSTANT_CONVERSION = YES;
				CLANG_WARN_DIRECT_OBJC_ISA_USAGE = YES_ERROR;
				CLANG_WARN_EMPTY_BODY = YES;
				CLANG_WARN_ENUM_CONVERSION = YES;
				CLANG_WARN_INT_CONVERSION = YES;
				CLANG_WARN_OBJC_ROOT_CLASS = YES_ERROR;
				CLANG_WARN__DUPLICATE_METHOD_MATCH = YES;
				"CODE_SIGN_IDENTITY[sdk=iphoneos*]" = "iPhone Developer";
				COPY_PHASE_STRIP = YES;
				ENABLE_NS_ASSERTIONS = NO;
				GCC_C_LANGUAGE_STANDARD = gnu99;
				GCC_WARN_64_TO_32_BIT_CONVERSION = YES;
				GCC_WARN_ABOUT_RETURN_TYPE = YES_ERROR;
				GCC_WARN_UNDECLARED_SELECTOR = YES;
				GCC_WARN_UNINITIALIZED_AUTOS = YES_AGGRESSIVE;
				GCC_WARN_UNUSED_FUNCTION = YES;
				GCC_WARN_UNUSED_VARIABLE = YES;
				IPHONEOS_DEPLOYMENT_TARGET = 7.1;
				SDKROOT = iphoneos;
				VALIDATE_PRODUCT = YES;
			};
			name = Release;
		};
		7CBD2C49197E4510002F23A5 /* Debug */ = {
			isa = XCBuildConfiguration;
			buildSettings = {
				ASSETCATALOG_COMPILER_APPICON_NAME = AppIcon;
				ASSETCATALOG_COMPILER_LAUNCHIMAGE_NAME = LaunchImage;
				FRAMEWORK_SEARCH_PATHS = (
					"$(inherited)",
					"$(PROJECT_DIR)",
				);
				GCC_PRECOMPILE_PREFIX_HEADER = YES;
				GCC_PREFIX_HEADER = "samsungHealth/samsungHealth-Prefix.pch";
				INFOPLIST_FILE = "samsungHealth/samsungHealth-Info.plist";
				PRODUCT_NAME = "$(TARGET_NAME)";
				WRAPPER_EXTENSION = app;
			};
			name = Debug;
		};
		7CBD2C4A197E4510002F23A5 /* Release */ = {
			isa = XCBuildConfiguration;
			buildSettings = {
				ASSETCATALOG_COMPILER_APPICON_NAME = AppIcon;
				ASSETCATALOG_COMPILER_LAUNCHIMAGE_NAME = LaunchImage;
				FRAMEWORK_SEARCH_PATHS = (
					"$(inherited)",
					"$(PROJECT_DIR)",
				);
				GCC_PRECOMPILE_PREFIX_HEADER = YES;
				GCC_PREFIX_HEADER = "samsungHealth/samsungHealth-Prefix.pch";
				INFOPLIST_FILE = "samsungHealth/samsungHealth-Info.plist";
				PRODUCT_NAME = "$(TARGET_NAME)";
				WRAPPER_EXTENSION = app;
			};
			name = Release;
		};
		7CBD2C4C197E4510002F23A5 /* Debug */ = {
			isa = XCBuildConfiguration;
			buildSettings = {
				BUNDLE_LOADER = "$(BUILT_PRODUCTS_DIR)/samsungHealth.app/samsungHealth";
				FRAMEWORK_SEARCH_PATHS = (
					"$(SDKROOT)/Developer/Library/Frameworks",
					"$(inherited)",
					"$(DEVELOPER_FRAMEWORKS_DIR)",
				);
				GCC_PRECOMPILE_PREFIX_HEADER = YES;
				GCC_PREFIX_HEADER = "samsungHealth/samsungHealth-Prefix.pch";
				GCC_PREPROCESSOR_DEFINITIONS = (
					"DEBUG=1",
					"$(inherited)",
				);
				INFOPLIST_FILE = "samsungHealthTests/samsungHealthTests-Info.plist";
				PRODUCT_NAME = "$(TARGET_NAME)";
				TEST_HOST = "$(BUNDLE_LOADER)";
				WRAPPER_EXTENSION = xctest;
			};
			name = Debug;
		};
		7CBD2C4D197E4510002F23A5 /* Release */ = {
			isa = XCBuildConfiguration;
			buildSettings = {
				BUNDLE_LOADER = "$(BUILT_PRODUCTS_DIR)/samsungHealth.app/samsungHealth";
				FRAMEWORK_SEARCH_PATHS = (
					"$(SDKROOT)/Developer/Library/Frameworks",
					"$(inherited)",
					"$(DEVELOPER_FRAMEWORKS_DIR)",
				);
				GCC_PRECOMPILE_PREFIX_HEADER = YES;
				GCC_PREFIX_HEADER = "samsungHealth/samsungHealth-Prefix.pch";
				INFOPLIST_FILE = "samsungHealthTests/samsungHealthTests-Info.plist";
				PRODUCT_NAME = "$(TARGET_NAME)";
				TEST_HOST = "$(BUNDLE_LOADER)";
				WRAPPER_EXTENSION = xctest;
			};
			name = Release;
		};
/* End XCBuildConfiguration section */

/* Begin XCConfigurationList section */
		7CBD2C11197E4510002F23A5 /* Build configuration list for PBXProject "samsungHealth" */ = {
			isa = XCConfigurationList;
			buildConfigurations = (
				7CBD2C46197E4510002F23A5 /* Debug */,
				7CBD2C47197E4510002F23A5 /* Release */,
			);
			defaultConfigurationIsVisible = 0;
			defaultConfigurationName = Release;
		};
		7CBD2C48197E4510002F23A5 /* Build configuration list for PBXNativeTarget "samsungHealth" */ = {
			isa = XCConfigurationList;
			buildConfigurations = (
				7CBD2C49197E4510002F23A5 /* Debug */,
				7CBD2C4A197E4510002F23A5 /* Release */,
			);
			defaultConfigurationIsVisible = 0;
			defaultConfigurationName = Release;
		};
		7CBD2C4B197E4510002F23A5 /* Build configuration list for PBXNativeTarget "samsungHealthTests" */ = {
			isa = XCConfigurationList;
			buildConfigurations = (
				7CBD2C4C197E4510002F23A5 /* Debug */,
				7CBD2C4D197E4510002F23A5 /* Release */,
			);
			defaultConfigurationIsVisible = 0;
			defaultConfigurationName = Release;
		};
/* End XCConfigurationList section */
	};
	rootObject = 7CBD2C0E197E4510002F23A5 /* Project object */;
}
